// !$*UTF8*$!
{
	archiveVersion = 1;
	classes = {
	};
	objectVersion = 70;
	objects = {

/* Begin PBXBuildFile section */
		29460A1A2D8C32490097CAA1 /* amplifyconfiguration.json in Resources */ = {isa = PBXBuildFile; fileRef = 29460A162D8C314F0097CAA1 /* amplifyconfiguration.json */; };
		2972EF2B2E2DFED0003A4F1C /* NavigationSwipeControl in Frameworks */ = {isa = PBXBuildFile; productRef = 2972EF2A2E2DFED0003A4F1C /* NavigationSwipeControl */; };
		2983AB852D741C19002F6CB5 /* README.md in Resources */ = {isa = PBXBuildFile; fileRef = 2983AB802D741C18002F6CB5 /* README.md */; };
		29A2E57A2E64A80C0012D944 /* AWSCognitoAuthPlugin in Frameworks */ = {isa = PBXBuildFile; productRef = 29A2E5792E64A80C0012D944 /* AWSCognitoAuthPlugin */; };
		29C74ACF2E388FC800417533 /* Kingfisher in Frameworks */ = {isa = PBXBuildFile; productRef = 29C74ACE2E388FC800417533 /* Kingfisher */; };
		29F8A2BE2D9EF079001633B3 /* ComposableArchitecture in Frameworks */ = {isa = PBXBuildFile; productRef = 29F8A2BD2D9EF079001633B3 /* ComposableArchitecture */; };
/* End PBXBuildFile section */

/* Begin PBXContainerItemProxy section */
		298BD7AD2D71E46900CB63F1 /* PBXContainerItemProxy */ = {
			isa = PBXContainerItemProxy;
			containerPortal = 298BD7922D71E46600CB63F1 /* Project object */;
			proxyType = 1;
			remoteGlobalIDString = 298BD7992D71E46600CB63F1;
			remoteInfo = FesTracking2;
		};
		298BD7B72D71E46900CB63F1 /* PBXContainerItemProxy */ = {
			isa = PBXContainerItemProxy;
			containerPortal = 298BD7922D71E46600CB63F1 /* Project object */;
			proxyType = 1;
			remoteGlobalIDString = 298BD7992D71E46600CB63F1;
			remoteInfo = FesTracking2;
		};
/* End PBXContainerItemProxy section */

/* Begin PBXFileReference section */
		29460A162D8C314F0097CAA1 /* amplifyconfiguration.json */ = {isa = PBXFileReference; lastKnownFileType = text.json; path = amplifyconfiguration.json; sourceTree = "<group>"; };
		2983AB802D741C18002F6CB5 /* README.md */ = {isa = PBXFileReference; fileEncoding = 4; lastKnownFileType = net.daringfireball.markdown; path = README.md; sourceTree = "<group>"; };
		298BD79A2D71E46600CB63F1 /* FesTracking2.app */ = {isa = PBXFileReference; explicitFileType = wrapper.application; includeInIndex = 0; path = FesTracking2.app; sourceTree = BUILT_PRODUCTS_DIR; };
		298BD7AC2D71E46900CB63F1 /* FesTracking2Tests.xctest */ = {isa = PBXFileReference; explicitFileType = wrapper.cfbundle; includeInIndex = 0; path = FesTracking2Tests.xctest; sourceTree = BUILT_PRODUCTS_DIR; };
		298BD7B62D71E46900CB63F1 /* FesTracking2UITests.xctest */ = {isa = PBXFileReference; explicitFileType = wrapper.cfbundle; includeInIndex = 0; path = FesTracking2UITests.xctest; sourceTree = BUILT_PRODUCTS_DIR; };
/* End PBXFileReference section */

/* Begin PBXFileSystemSynchronizedBuildFileExceptionSet section */
		291F008C2EB223A00080B26A /* PBXFileSystemSynchronizedBuildFileExceptionSet */ = {
			isa = PBXFileSystemSynchronizedBuildFileExceptionSet;
			membershipExceptions = (
				Info.plist,
			);
			target = 298BD7992D71E46600CB63F1 /* FesTracking2 */;
		};
/* End PBXFileSystemSynchronizedBuildFileExceptionSet section */

/* Begin PBXFileSystemSynchronizedRootGroup section */
		291F008F2EB223A40080B26A /* FesTracking2UITests */ = {isa = PBXFileSystemSynchronizedRootGroup; explicitFileTypes = {}; explicitFolders = (); path = FesTracking2UITests; sourceTree = "<group>"; };
		291F00932EB223A40080B26A /* FesTracking2Tests */ = {isa = PBXFileSystemSynchronizedRootGroup; explicitFileTypes = {}; explicitFolders = (); path = FesTracking2Tests; sourceTree = "<group>"; };
		291FFFEF2EB2239F0080B26A /* FesTracking2 */ = {isa = PBXFileSystemSynchronizedRootGroup; exceptions = (291F008C2EB223A00080B26A /* PBXFileSystemSynchronizedBuildFileExceptionSet */, ); explicitFileTypes = {}; explicitFolders = (); path = FesTracking2; sourceTree = "<group>"; };
/* End PBXFileSystemSynchronizedRootGroup section */

/* Begin PBXFrameworksBuildPhase section */
		298BD7972D71E46600CB63F1 /* Frameworks */ = {
			isa = PBXFrameworksBuildPhase;
			buildActionMask = 2147483647;
			files = (
				29C74ACF2E388FC800417533 /* Kingfisher in Frameworks */,
				29A2E57A2E64A80C0012D944 /* AWSCognitoAuthPlugin in Frameworks */,
				29F8A2BE2D9EF079001633B3 /* ComposableArchitecture in Frameworks */,
				2972EF2B2E2DFED0003A4F1C /* NavigationSwipeControl in Frameworks */,
			);
			runOnlyForDeploymentPostprocessing = 0;
		};
		298BD7A92D71E46900CB63F1 /* Frameworks */ = {
			isa = PBXFrameworksBuildPhase;
			buildActionMask = 2147483647;
			files = (
			);
			runOnlyForDeploymentPostprocessing = 0;
		};
		298BD7B32D71E46900CB63F1 /* Frameworks */ = {
			isa = PBXFrameworksBuildPhase;
			buildActionMask = 2147483647;
			files = (
			);
			runOnlyForDeploymentPostprocessing = 0;
		};
/* End PBXFrameworksBuildPhase section */

/* Begin PBXGroup section */
		298BD7912D71E46600CB63F1 = {
			isa = PBXGroup;
			children = (
				29460A162D8C314F0097CAA1 /* amplifyconfiguration.json */,
				2983AB802D741C18002F6CB5 /* README.md */,
				291FFFEF2EB2239F0080B26A /* FesTracking2 */,
				291F00932EB223A40080B26A /* FesTracking2Tests */,
				291F008F2EB223A40080B26A /* FesTracking2UITests */,
				298BD79B2D71E46600CB63F1 /* Products */,
			);
			sourceTree = "<group>";
		};
		298BD79B2D71E46600CB63F1 /* Products */ = {
			isa = PBXGroup;
			children = (
				298BD79A2D71E46600CB63F1 /* FesTracking2.app */,
				298BD7AC2D71E46900CB63F1 /* FesTracking2Tests.xctest */,
				298BD7B62D71E46900CB63F1 /* FesTracking2UITests.xctest */,
			);
			name = Products;
			sourceTree = "<group>";
		};
/* End PBXGroup section */

/* Begin PBXNativeTarget section */
		298BD7992D71E46600CB63F1 /* FesTracking2 */ = {
			isa = PBXNativeTarget;
			buildConfigurationList = 298BD7C02D71E46900CB63F1 /* Build configuration list for PBXNativeTarget "FesTracking2" */;
			buildPhases = (
				298BD7962D71E46600CB63F1 /* Sources */,
				298BD7972D71E46600CB63F1 /* Frameworks */,
				298BD7982D71E46600CB63F1 /* Resources */,
			);
			buildRules = (
			);
			dependencies = (
			);
			fileSystemSynchronizedGroups = (
				291FFFEF2EB2239F0080B26A /* FesTracking2 */,
			);
			name = FesTracking2;
			packageProductDependencies = (
				29F8A2BD2D9EF079001633B3 /* ComposableArchitecture */,
				2972EF2A2E2DFED0003A4F1C /* NavigationSwipeControl */,
				29C74ACE2E388FC800417533 /* Kingfisher */,
				29A2E5792E64A80C0012D944 /* AWSCognitoAuthPlugin */,
			);
			productName = FesTracking2;
			productReference = 298BD79A2D71E46600CB63F1 /* FesTracking2.app */;
			productType = "com.apple.product-type.application";
		};
		298BD7AB2D71E46900CB63F1 /* FesTracking2Tests */ = {
			isa = PBXNativeTarget;
			buildConfigurationList = 298BD7C32D71E46900CB63F1 /* Build configuration list for PBXNativeTarget "FesTracking2Tests" */;
			buildPhases = (
				FED43AC7FBA8042DEE5D568B /* [CP] Check Pods Manifest.lock */,
				298BD7A82D71E46900CB63F1 /* Sources */,
				298BD7A92D71E46900CB63F1 /* Frameworks */,
				298BD7AA2D71E46900CB63F1 /* Resources */,
			);
			buildRules = (
			);
			dependencies = (
				298BD7AE2D71E46900CB63F1 /* PBXTargetDependency */,
			);
			fileSystemSynchronizedGroups = (
				291F00932EB223A40080B26A /* FesTracking2Tests */,
			);
			name = FesTracking2Tests;
			productName = FesTracking2Tests;
			productReference = 298BD7AC2D71E46900CB63F1 /* FesTracking2Tests.xctest */;
			productType = "com.apple.product-type.bundle.unit-test";
		};
		298BD7B52D71E46900CB63F1 /* FesTracking2UITests */ = {
			isa = PBXNativeTarget;
			buildConfigurationList = 298BD7C62D71E46900CB63F1 /* Build configuration list for PBXNativeTarget "FesTracking2UITests" */;
			buildPhases = (
				44563593E4E9001D064CF60C /* [CP] Check Pods Manifest.lock */,
				298BD7B22D71E46900CB63F1 /* Sources */,
				298BD7B32D71E46900CB63F1 /* Frameworks */,
				298BD7B42D71E46900CB63F1 /* Resources */,
				09B7B4075DD4A2AA19982CC2 /* [CP] Copy Pods Resources */,
			);
			buildRules = (
			);
			dependencies = (
				298BD7B82D71E46900CB63F1 /* PBXTargetDependency */,
			);
			fileSystemSynchronizedGroups = (
				291F008F2EB223A40080B26A /* FesTracking2UITests */,
			);
			name = FesTracking2UITests;
			productName = FesTracking2UITests;
			productReference = 298BD7B62D71E46900CB63F1 /* FesTracking2UITests.xctest */;
			productType = "com.apple.product-type.bundle.ui-testing";
		};
/* End PBXNativeTarget section */

/* Begin PBXProject section */
		298BD7922D71E46600CB63F1 /* Project object */ = {
			isa = PBXProject;
			attributes = {
				BuildIndependentTargetsInParallel = 1;
				LastSwiftUpdateCheck = 1630;
				LastUpgradeCheck = 1540;
				TargetAttributes = {
					298BD7992D71E46600CB63F1 = {
						CreatedOnToolsVersion = 15.4;
					};
					298BD7AB2D71E46900CB63F1 = {
						CreatedOnToolsVersion = 15.4;
						TestTargetID = 298BD7992D71E46600CB63F1;
					};
					298BD7B52D71E46900CB63F1 = {
						CreatedOnToolsVersion = 15.4;
						TestTargetID = 298BD7992D71E46600CB63F1;
					};
				};
			};
			buildConfigurationList = 298BD7952D71E46600CB63F1 /* Build configuration list for PBXProject "FesTracking2" */;
			compatibilityVersion = "Xcode 14.0";
			developmentRegion = ja;
			hasScannedForEncodings = 0;
			knownRegions = (
				en,
				Base,
				ja,
			);
			mainGroup = 298BD7912D71E46600CB63F1;
			packageReferences = (
				29F8A2BC2D9EF078001633B3 /* XCRemoteSwiftPackageReference "swift-composable-architecture" */,
				2972EF292E2DFED0003A4F1C /* XCRemoteSwiftPackageReference "NavigationSwipeControl" */,
				29C74ACD2E388FC800417533 /* XCRemoteSwiftPackageReference "Kingfisher" */,
				29A2E5782E64A80C0012D944 /* XCRemoteSwiftPackageReference "amplify-ios" */,
			);
			productRefGroup = 298BD79B2D71E46600CB63F1 /* Products */;
			projectDirPath = "";
			projectRoot = "";
			targets = (
				298BD7992D71E46600CB63F1 /* FesTracking2 */,
				298BD7AB2D71E46900CB63F1 /* FesTracking2Tests */,
				298BD7B52D71E46900CB63F1 /* FesTracking2UITests */,
			);
		};
/* End PBXProject section */

/* Begin PBXResourcesBuildPhase section */
		298BD7982D71E46600CB63F1 /* Resources */ = {
			isa = PBXResourcesBuildPhase;
			buildActionMask = 2147483647;
			files = (
				29460A1A2D8C32490097CAA1 /* amplifyconfiguration.json in Resources */,
				2983AB852D741C19002F6CB5 /* README.md in Resources */,
			);
			runOnlyForDeploymentPostprocessing = 0;
		};
		298BD7AA2D71E46900CB63F1 /* Resources */ = {
			isa = PBXResourcesBuildPhase;
			buildActionMask = 2147483647;
			files = (
			);
			runOnlyForDeploymentPostprocessing = 0;
		};
		298BD7B42D71E46900CB63F1 /* Resources */ = {
			isa = PBXResourcesBuildPhase;
			buildActionMask = 2147483647;
			files = (
			);
			runOnlyForDeploymentPostprocessing = 0;
		};
/* End PBXResourcesBuildPhase section */

/* Begin PBXShellScriptBuildPhase section */
		09B7B4075DD4A2AA19982CC2 /* [CP] Copy Pods Resources */ = {
			isa = PBXShellScriptBuildPhase;
			buildActionMask = 2147483647;
			files = (
			);
			inputFileListPaths = (
				"${PODS_ROOT}/Target Support Files/Pods-FesTracking2-FesTracking2UITests/Pods-FesTracking2-FesTracking2UITests-resources-${CONFIGURATION}-input-files.xcfilelist",
			);
			inputPaths = (
			);
			name = "[CP] Copy Pods Resources";
			outputFileListPaths = (
				"${PODS_ROOT}/Target Support Files/Pods-FesTracking2-FesTracking2UITests/Pods-FesTracking2-FesTracking2UITests-resources-${CONFIGURATION}-output-files.xcfilelist",
			);
			outputPaths = (
			);
			runOnlyForDeploymentPostprocessing = 0;
			shellPath = /bin/sh;
			shellScript = "\"${PODS_ROOT}/Target Support Files/Pods-FesTracking2-FesTracking2UITests/Pods-FesTracking2-FesTracking2UITests-resources.sh\"\n";
			showEnvVarsInLog = 0;
		};
		44563593E4E9001D064CF60C /* [CP] Check Pods Manifest.lock */ = {
			isa = PBXShellScriptBuildPhase;
			buildActionMask = 2147483647;
			files = (
			);
			inputFileListPaths = (
			);
			inputPaths = (
				"${PODS_PODFILE_DIR_PATH}/Podfile.lock",
				"${PODS_ROOT}/Manifest.lock",
			);
			name = "[CP] Check Pods Manifest.lock";
			outputFileListPaths = (
			);
			outputPaths = (
				"$(DERIVED_FILE_DIR)/Pods-FesTracking2-FesTracking2UITests-checkManifestLockResult.txt",
			);
			runOnlyForDeploymentPostprocessing = 0;
			shellPath = /bin/sh;
			shellScript = "diff \"${PODS_PODFILE_DIR_PATH}/Podfile.lock\" \"${PODS_ROOT}/Manifest.lock\" > /dev/null\nif [ $? != 0 ] ; then\n    # print error to STDERR\n    echo \"error: The sandbox is not in sync with the Podfile.lock. Run 'pod install' or update your CocoaPods installation.\" >&2\n    exit 1\nfi\n# This output is used by Xcode 'outputs' to avoid re-running this script phase.\necho \"SUCCESS\" > \"${SCRIPT_OUTPUT_FILE_0}\"\n";
			showEnvVarsInLog = 0;
		};
		FED43AC7FBA8042DEE5D568B /* [CP] Check Pods Manifest.lock */ = {
			isa = PBXShellScriptBuildPhase;
			buildActionMask = 2147483647;
			files = (
			);
			inputFileListPaths = (
			);
			inputPaths = (
				"${PODS_PODFILE_DIR_PATH}/Podfile.lock",
				"${PODS_ROOT}/Manifest.lock",
			);
			name = "[CP] Check Pods Manifest.lock";
			outputFileListPaths = (
			);
			outputPaths = (
				"$(DERIVED_FILE_DIR)/Pods-FesTracking2Tests-checkManifestLockResult.txt",
			);
			runOnlyForDeploymentPostprocessing = 0;
			shellPath = /bin/sh;
			shellScript = "diff \"${PODS_PODFILE_DIR_PATH}/Podfile.lock\" \"${PODS_ROOT}/Manifest.lock\" > /dev/null\nif [ $? != 0 ] ; then\n    # print error to STDERR\n    echo \"error: The sandbox is not in sync with the Podfile.lock. Run 'pod install' or update your CocoaPods installation.\" >&2\n    exit 1\nfi\n# This output is used by Xcode 'outputs' to avoid re-running this script phase.\necho \"SUCCESS\" > \"${SCRIPT_OUTPUT_FILE_0}\"\n";
			showEnvVarsInLog = 0;
		};
/* End PBXShellScriptBuildPhase section */

/* Begin PBXSourcesBuildPhase section */
		298BD7962D71E46600CB63F1 /* Sources */ = {
			isa = PBXSourcesBuildPhase;
			buildActionMask = 2147483647;
			files = (
			);
			runOnlyForDeploymentPostprocessing = 0;
		};
		298BD7A82D71E46900CB63F1 /* Sources */ = {
			isa = PBXSourcesBuildPhase;
			buildActionMask = 2147483647;
			files = (
			);
			runOnlyForDeploymentPostprocessing = 0;
		};
		298BD7B22D71E46900CB63F1 /* Sources */ = {
			isa = PBXSourcesBuildPhase;
			buildActionMask = 2147483647;
			files = (
			);
			runOnlyForDeploymentPostprocessing = 0;
		};
/* End PBXSourcesBuildPhase section */

/* Begin PBXTargetDependency section */
		298BD7AE2D71E46900CB63F1 /* PBXTargetDependency */ = {
			isa = PBXTargetDependency;
			target = 298BD7992D71E46600CB63F1 /* FesTracking2 */;
			targetProxy = 298BD7AD2D71E46900CB63F1 /* PBXContainerItemProxy */;
		};
		298BD7B82D71E46900CB63F1 /* PBXTargetDependency */ = {
			isa = PBXTargetDependency;
			target = 298BD7992D71E46600CB63F1 /* FesTracking2 */;
			targetProxy = 298BD7B72D71E46900CB63F1 /* PBXContainerItemProxy */;
		};
/* End PBXTargetDependency section */

/* Begin XCBuildConfiguration section */
		298BD7BE2D71E46900CB63F1 /* Debug */ = {
			isa = XCBuildConfiguration;
			buildSettings = {
				ALWAYS_SEARCH_USER_PATHS = NO;
				ASSETCATALOG_COMPILER_GENERATE_SWIFT_ASSET_SYMBOL_EXTENSIONS = YES;
				CLANG_ANALYZER_NONNULL = YES;
				CLANG_ANALYZER_NUMBER_OBJECT_CONVERSION = YES_AGGRESSIVE;
				CLANG_CXX_LANGUAGE_STANDARD = "gnu++20";
				CLANG_ENABLE_MODULES = YES;
				CLANG_ENABLE_OBJC_ARC = YES;
				CLANG_ENABLE_OBJC_WEAK = YES;
				CLANG_WARN_BLOCK_CAPTURE_AUTORELEASING = YES;
				CLANG_WARN_BOOL_CONVERSION = YES;
				CLANG_WARN_COMMA = YES;
				CLANG_WARN_CONSTANT_CONVERSION = YES;
				CLANG_WARN_DEPRECATED_OBJC_IMPLEMENTATIONS = YES;
				CLANG_WARN_DIRECT_OBJC_ISA_USAGE = YES_ERROR;
				CLANG_WARN_DOCUMENTATION_COMMENTS = YES;
				CLANG_WARN_EMPTY_BODY = YES;
				CLANG_WARN_ENUM_CONVERSION = YES;
				CLANG_WARN_INFINITE_RECURSION = YES;
				CLANG_WARN_INT_CONVERSION = YES;
				CLANG_WARN_NON_LITERAL_NULL_CONVERSION = YES;
				CLANG_WARN_OBJC_IMPLICIT_RETAIN_SELF = YES;
				CLANG_WARN_OBJC_LITERAL_CONVERSION = YES;
				CLANG_WARN_OBJC_ROOT_CLASS = YES_ERROR;
				CLANG_WARN_QUOTED_INCLUDE_IN_FRAMEWORK_HEADER = YES;
				CLANG_WARN_RANGE_LOOP_ANALYSIS = YES;
				CLANG_WARN_STRICT_PROTOTYPES = YES;
				CLANG_WARN_SUSPICIOUS_MOVE = YES;
				CLANG_WARN_UNGUARDED_AVAILABILITY = YES_AGGRESSIVE;
				CLANG_WARN_UNREACHABLE_CODE = YES;
				CLANG_WARN__DUPLICATE_METHOD_MATCH = YES;
				COPY_PHASE_STRIP = NO;
				DEBUG_INFORMATION_FORMAT = dwarf;
				ENABLE_STRICT_OBJC_MSGSEND = YES;
				ENABLE_TESTABILITY = YES;
				ENABLE_USER_SCRIPT_SANDBOXING = NO;
				GCC_C_LANGUAGE_STANDARD = gnu17;
				GCC_DYNAMIC_NO_PIC = NO;
				GCC_NO_COMMON_BLOCKS = YES;
				GCC_OPTIMIZATION_LEVEL = 0;
				GCC_PREPROCESSOR_DEFINITIONS = (
					"DEBUG=1",
					"$(inherited)",
				);
				GCC_WARN_64_TO_32_BIT_CONVERSION = YES;
				GCC_WARN_ABOUT_RETURN_TYPE = YES_ERROR;
				GCC_WARN_UNDECLARED_SELECTOR = YES;
				GCC_WARN_UNINITIALIZED_AUTOS = YES_AGGRESSIVE;
				GCC_WARN_UNUSED_FUNCTION = YES;
				GCC_WARN_UNUSED_VARIABLE = YES;
				IPHONEOS_DEPLOYMENT_TARGET = 17.5;
				LOCALIZATION_PREFERS_STRING_CATALOGS = YES;
				MTL_ENABLE_DEBUG_INFO = INCLUDE_SOURCE;
				MTL_FAST_MATH = YES;
				ONLY_ACTIVE_ARCH = YES;
				SDKROOT = iphoneos;
				SWIFT_ACTIVE_COMPILATION_CONDITIONS = "DEBUG $(inherited)";
				SWIFT_OPTIMIZATION_LEVEL = "-Onone";
				SWIFT_VERSION = "";
				SWIFT_WHOLE_MODULE_OPTIMIZATION = YES;
			};
			name = Debug;
		};
		298BD7BF2D71E46900CB63F1 /* Release */ = {
			isa = XCBuildConfiguration;
			buildSettings = {
				ALWAYS_SEARCH_USER_PATHS = NO;
				ASSETCATALOG_COMPILER_GENERATE_SWIFT_ASSET_SYMBOL_EXTENSIONS = YES;
				CLANG_ANALYZER_NONNULL = YES;
				CLANG_ANALYZER_NUMBER_OBJECT_CONVERSION = YES_AGGRESSIVE;
				CLANG_CXX_LANGUAGE_STANDARD = "gnu++20";
				CLANG_ENABLE_MODULES = YES;
				CLANG_ENABLE_OBJC_ARC = YES;
				CLANG_ENABLE_OBJC_WEAK = YES;
				CLANG_WARN_BLOCK_CAPTURE_AUTORELEASING = YES;
				CLANG_WARN_BOOL_CONVERSION = YES;
				CLANG_WARN_COMMA = YES;
				CLANG_WARN_CONSTANT_CONVERSION = YES;
				CLANG_WARN_DEPRECATED_OBJC_IMPLEMENTATIONS = YES;
				CLANG_WARN_DIRECT_OBJC_ISA_USAGE = YES_ERROR;
				CLANG_WARN_DOCUMENTATION_COMMENTS = YES;
				CLANG_WARN_EMPTY_BODY = YES;
				CLANG_WARN_ENUM_CONVERSION = YES;
				CLANG_WARN_INFINITE_RECURSION = YES;
				CLANG_WARN_INT_CONVERSION = YES;
				CLANG_WARN_NON_LITERAL_NULL_CONVERSION = YES;
				CLANG_WARN_OBJC_IMPLICIT_RETAIN_SELF = YES;
				CLANG_WARN_OBJC_LITERAL_CONVERSION = YES;
				CLANG_WARN_OBJC_ROOT_CLASS = YES_ERROR;
				CLANG_WARN_QUOTED_INCLUDE_IN_FRAMEWORK_HEADER = YES;
				CLANG_WARN_RANGE_LOOP_ANALYSIS = YES;
				CLANG_WARN_STRICT_PROTOTYPES = YES;
				CLANG_WARN_SUSPICIOUS_MOVE = YES;
				CLANG_WARN_UNGUARDED_AVAILABILITY = YES_AGGRESSIVE;
				CLANG_WARN_UNREACHABLE_CODE = YES;
				CLANG_WARN__DUPLICATE_METHOD_MATCH = YES;
				COPY_PHASE_STRIP = NO;
				DEBUG_INFORMATION_FORMAT = "dwarf-with-dsym";
				ENABLE_NS_ASSERTIONS = NO;
				ENABLE_STRICT_OBJC_MSGSEND = YES;
				ENABLE_USER_SCRIPT_SANDBOXING = NO;
				GCC_C_LANGUAGE_STANDARD = gnu17;
				GCC_NO_COMMON_BLOCKS = YES;
				GCC_WARN_64_TO_32_BIT_CONVERSION = YES;
				GCC_WARN_ABOUT_RETURN_TYPE = YES_ERROR;
				GCC_WARN_UNDECLARED_SELECTOR = YES;
				GCC_WARN_UNINITIALIZED_AUTOS = YES_AGGRESSIVE;
				GCC_WARN_UNUSED_FUNCTION = YES;
				GCC_WARN_UNUSED_VARIABLE = YES;
				IPHONEOS_DEPLOYMENT_TARGET = 17.5;
				LOCALIZATION_PREFERS_STRING_CATALOGS = YES;
				MTL_ENABLE_DEBUG_INFO = NO;
				MTL_FAST_MATH = YES;
				SDKROOT = iphoneos;
				SWIFT_COMPILATION_MODE = wholemodule;
				SWIFT_VERSION = "";
				SWIFT_WHOLE_MODULE_OPTIMIZATION = YES;
				VALIDATE_PRODUCT = YES;
			};
			name = Release;
		};
		298BD7C12D71E46900CB63F1 /* Debug */ = {
			isa = XCBuildConfiguration;
			buildSettings = {
				ASSETCATALOG_COMPILER_APPICON_NAME = AppIcon;
				ASSETCATALOG_COMPILER_GLOBAL_ACCENT_COLOR_NAME = AccentColor;
				CODE_SIGN_IDENTITY = "Apple Development";
				"CODE_SIGN_IDENTITY[sdk=iphoneos*]" = "iPhone Distribution";
				CODE_SIGN_STYLE = Manual;
				CURRENT_PROJECT_VERSION = 1;
				DEPLOYMENT_POSTPROCESSING = NO;
				DEVELOPMENT_ASSET_PATHS = "\"FesTracking2/Preview Content\"";
				DEVELOPMENT_TEAM = "";
				"DEVELOPMENT_TEAM[sdk=iphoneos*]" = SN9A65C32S;
				ENABLE_PREVIEWS = YES;
				EXCLUDED_ARCHS = "";
				GENERATE_INFOPLIST_FILE = YES;
				INFOPLIST_FILE = FesTracking2/Info.plist;
				INFOPLIST_KEY_CFBundleDisplayName = "MaTool -祭-";
				INFOPLIST_KEY_NSLocationAlwaysAndWhenInUseUsageDescription = "現在地を表示するために、位置情報の「使用中のみ許可」が必要です。また管理者が位置情報を配信する場合にも「常に許可」が必要です。";
				INFOPLIST_KEY_NSLocationAlwaysUsageDescription = "管理者が位置情報を配信する場合にも「常に許可」が必要です。";
				INFOPLIST_KEY_NSLocationWhenInUseUsageDescription = "現在地を表示するために、位置情報の「使用中のみ許可」が必要です。また管理者が位置情報を配信する場合にも「使用中のみ許可」が必要です。";
				INFOPLIST_KEY_UIApplicationSceneManifest_Generation = YES;
				INFOPLIST_KEY_UIApplicationSupportsIndirectInputEvents = YES;
				INFOPLIST_KEY_UISupportedInterfaceOrientations = UIInterfaceOrientationPortrait;
				INFOPLIST_KEY_UISupportedInterfaceOrientations_iPad = "UIInterfaceOrientationPortrait UIInterfaceOrientationPortraitUpsideDown UIInterfaceOrientationLandscapeLeft UIInterfaceOrientationLandscapeRight";
				INFOPLIST_KEY_UIUserInterfaceStyle = Light;
				IPHONEOS_DEPLOYMENT_TARGET = 16.0;
				LD_RUNPATH_SEARCH_PATHS = (
					"$(inherited)",
					"@executable_path/Frameworks",
				);
				MARKETING_VERSION = 2.2.11;
				OTHER_SWIFT_FLAGS = "$(inherited) -D COCOAPODS";
				PRODUCT_BUNDLE_IDENTIFIER = StudioMK.FesTracking;
				PRODUCT_NAME = "$(TARGET_NAME)";
				PROVISIONING_PROFILE_SPECIFIER = "";
				"PROVISIONING_PROFILE_SPECIFIER[sdk=iphoneos*]" = FesTracking;
				SWIFT_EMIT_LOC_STRINGS = YES;
				SWIFT_VERSION = 5.0;
				TARGETED_DEVICE_FAMILY = "1,2";
			};
			name = Debug;
		};
		298BD7C22D71E46900CB63F1 /* Release */ = {
			isa = XCBuildConfiguration;
			buildSettings = {
				ASSETCATALOG_COMPILER_APPICON_NAME = AppIcon;
				ASSETCATALOG_COMPILER_GLOBAL_ACCENT_COLOR_NAME = AccentColor;
				CODE_SIGN_IDENTITY = "Apple Development";
				"CODE_SIGN_IDENTITY[sdk=iphoneos*]" = "iPhone Distribution";
				CODE_SIGN_STYLE = Manual;
				CURRENT_PROJECT_VERSION = 1;
				DEPLOYMENT_POSTPROCESSING = NO;
				DEVELOPMENT_ASSET_PATHS = "\"FesTracking2/Preview Content\"";
				DEVELOPMENT_TEAM = "";
				"DEVELOPMENT_TEAM[sdk=iphoneos*]" = SN9A65C32S;
				ENABLE_PREVIEWS = YES;
				GENERATE_INFOPLIST_FILE = YES;
				INFOPLIST_FILE = FesTracking2/Info.plist;
				INFOPLIST_KEY_CFBundleDisplayName = "MaTool -祭-";
				INFOPLIST_KEY_NSLocationAlwaysAndWhenInUseUsageDescription = "現在地を表示するために、位置情報の「使用中のみ許可」が必要です。また管理者が位置情報を配信する場合にも「常に許可」が必要です。";
				INFOPLIST_KEY_NSLocationAlwaysUsageDescription = "管理者が位置情報を配信する場合にも「常に許可」が必要です。";
				INFOPLIST_KEY_NSLocationWhenInUseUsageDescription = "現在地を表示するために、位置情報の「使用中のみ許可」が必要です。また管理者が位置情報を配信する場合にも「使用中のみ許可」が必要です。";
				INFOPLIST_KEY_UIApplicationSceneManifest_Generation = YES;
				INFOPLIST_KEY_UIApplicationSupportsIndirectInputEvents = YES;
				INFOPLIST_KEY_UISupportedInterfaceOrientations = UIInterfaceOrientationPortrait;
				INFOPLIST_KEY_UISupportedInterfaceOrientations_iPad = "UIInterfaceOrientationPortrait UIInterfaceOrientationPortraitUpsideDown UIInterfaceOrientationLandscapeLeft UIInterfaceOrientationLandscapeRight";
				INFOPLIST_KEY_UIUserInterfaceStyle = Light;
				IPHONEOS_DEPLOYMENT_TARGET = 16.0;
				LD_RUNPATH_SEARCH_PATHS = (
					"$(inherited)",
					"@executable_path/Frameworks",
				);
				MARKETING_VERSION = 2.2.11;
				PRODUCT_BUNDLE_IDENTIFIER = StudioMK.FesTracking;
				PRODUCT_NAME = "$(TARGET_NAME)";
				PROVISIONING_PROFILE_SPECIFIER = "";
				"PROVISIONING_PROFILE_SPECIFIER[sdk=iphoneos*]" = FesTracking;
				SWIFT_EMIT_LOC_STRINGS = YES;
				SWIFT_VERSION = 5.0;
				TARGETED_DEVICE_FAMILY = "1,2";
			};
			name = Release;
		};
		298BD7C42D71E46900CB63F1 /* Debug */ = {
			isa = XCBuildConfiguration;
			buildSettings = {
				BUNDLE_LOADER = "$(TEST_HOST)";
				CODE_SIGN_STYLE = Automatic;
				CURRENT_PROJECT_VERSION = 1;
				DEVELOPMENT_TEAM = SN9A65C32S;
				GENERATE_INFOPLIST_FILE = YES;
				IPHONEOS_DEPLOYMENT_TARGET = 17.5;
				MARKETING_VERSION = 1.0;
				PRODUCT_BUNDLE_IDENTIFIER = StudioMK.FesTracking2Tests;
				PRODUCT_NAME = "$(TARGET_NAME)";
				SWIFT_EMIT_LOC_STRINGS = NO;
				SWIFT_VERSION = 5.0;
				TARGETED_DEVICE_FAMILY = "1,2";
				TEST_HOST = "$(BUILT_PRODUCTS_DIR)/FesTracking2.app/$(BUNDLE_EXECUTABLE_FOLDER_PATH)/FesTracking2";
			};
			name = Debug;
		};
		298BD7C52D71E46900CB63F1 /* Release */ = {
			isa = XCBuildConfiguration;
			buildSettings = {
				BUNDLE_LOADER = "$(TEST_HOST)";
				CODE_SIGN_STYLE = Automatic;
				CURRENT_PROJECT_VERSION = 1;
				DEVELOPMENT_TEAM = SN9A65C32S;
				GENERATE_INFOPLIST_FILE = YES;
				IPHONEOS_DEPLOYMENT_TARGET = 17.5;
				MARKETING_VERSION = 1.0;
				PRODUCT_BUNDLE_IDENTIFIER = StudioMK.FesTracking2Tests;
				PRODUCT_NAME = "$(TARGET_NAME)";
				SWIFT_EMIT_LOC_STRINGS = NO;
				SWIFT_VERSION = 5.0;
				TARGETED_DEVICE_FAMILY = "1,2";
				TEST_HOST = "$(BUILT_PRODUCTS_DIR)/FesTracking2.app/$(BUNDLE_EXECUTABLE_FOLDER_PATH)/FesTracking2";
			};
			name = Release;
		};
		298BD7C72D71E46900CB63F1 /* Debug */ = {
			isa = XCBuildConfiguration;
			buildSettings = {
				CODE_SIGN_STYLE = Automatic;
				CURRENT_PROJECT_VERSION = 1;
				DEVELOPMENT_TEAM = SN9A65C32S;
				GENERATE_INFOPLIST_FILE = YES;
				MARKETING_VERSION = 1.0;
				PRODUCT_BUNDLE_IDENTIFIER = StudioMK.FesTracking2UITests;
				PRODUCT_NAME = "$(TARGET_NAME)";
				SWIFT_EMIT_LOC_STRINGS = NO;
				SWIFT_VERSION = 5.0;
				TARGETED_DEVICE_FAMILY = "1,2";
				TEST_TARGET_NAME = FesTracking2;
			};
			name = Debug;
		};
		298BD7C82D71E46900CB63F1 /* Release */ = {
			isa = XCBuildConfiguration;
			buildSettings = {
				CODE_SIGN_STYLE = Automatic;
				CURRENT_PROJECT_VERSION = 1;
				DEVELOPMENT_TEAM = SN9A65C32S;
				GENERATE_INFOPLIST_FILE = YES;
				MARKETING_VERSION = 1.0;
				PRODUCT_BUNDLE_IDENTIFIER = StudioMK.FesTracking2UITests;
				PRODUCT_NAME = "$(TARGET_NAME)";
				SWIFT_EMIT_LOC_STRINGS = NO;
				SWIFT_VERSION = 5.0;
				TARGETED_DEVICE_FAMILY = "1,2";
				TEST_TARGET_NAME = FesTracking2;
			};
			name = Release;
		};
/* End XCBuildConfiguration section */

/* Begin XCConfigurationList section */
		298BD7952D71E46600CB63F1 /* Build configuration list for PBXProject "FesTracking2" */ = {
			isa = XCConfigurationList;
			buildConfigurations = (
				298BD7BE2D71E46900CB63F1 /* Debug */,
				298BD7BF2D71E46900CB63F1 /* Release */,
			);
			defaultConfigurationIsVisible = 0;
			defaultConfigurationName = Release;
		};
		298BD7C02D71E46900CB63F1 /* Build configuration list for PBXNativeTarget "FesTracking2" */ = {
			isa = XCConfigurationList;
			buildConfigurations = (
				298BD7C12D71E46900CB63F1 /* Debug */,
				298BD7C22D71E46900CB63F1 /* Release */,
			);
			defaultConfigurationIsVisible = 0;
			defaultConfigurationName = Release;
		};
		298BD7C32D71E46900CB63F1 /* Build configuration list for PBXNativeTarget "FesTracking2Tests" */ = {
			isa = XCConfigurationList;
			buildConfigurations = (
				298BD7C42D71E46900CB63F1 /* Debug */,
				298BD7C52D71E46900CB63F1 /* Release */,
			);
			defaultConfigurationIsVisible = 0;
			defaultConfigurationName = Release;
		};
		298BD7C62D71E46900CB63F1 /* Build configuration list for PBXNativeTarget "FesTracking2UITests" */ = {
			isa = XCConfigurationList;
			buildConfigurations = (
				298BD7C72D71E46900CB63F1 /* Debug */,
				298BD7C82D71E46900CB63F1 /* Release */,
			);
			defaultConfigurationIsVisible = 0;
			defaultConfigurationName = Release;
		};
/* End XCConfigurationList section */

/* Begin XCRemoteSwiftPackageReference section */
		2972EF292E2DFED0003A4F1C /* XCRemoteSwiftPackageReference "NavigationSwipeControl" */ = {
			isa = XCRemoteSwiftPackageReference;
			repositoryURL = "https://github.com/kmatsushita1012/NavigationSwipeControl";
			requirement = {
				kind = exactVersion;
				version = 0.2.1;
			};
		};
		29A2E5782E64A80C0012D944 /* XCRemoteSwiftPackageReference "amplify-ios" */ = {
			isa = XCRemoteSwiftPackageReference;
			repositoryURL = "https://github.com/aws-amplify/amplify-ios.git";
			requirement = {
				kind = exactVersion;
				version = 2.50.0;
			};
		};
		29C74ACD2E388FC800417533 /* XCRemoteSwiftPackageReference "Kingfisher" */ = {
			isa = XCRemoteSwiftPackageReference;
			repositoryURL = "https://github.com/onevcat/Kingfisher.git";
			requirement = {
				kind = upToNextMajorVersion;
				minimumVersion = 8.5.0;
			};
		};
		29F8A2BC2D9EF078001633B3 /* XCRemoteSwiftPackageReference "swift-composable-architecture" */ = {
			isa = XCRemoteSwiftPackageReference;
			repositoryURL = "https://github.com/pointfreeco/swift-composable-architecture";
			requirement = {
				kind = upToNextMajorVersion;
				minimumVersion = 1.23.1;
			};
		};
/* End XCRemoteSwiftPackageReference section */

/* Begin XCSwiftPackageProductDependency section */
		2972EF2A2E2DFED0003A4F1C /* NavigationSwipeControl */ = {
			isa = XCSwiftPackageProductDependency;
			package = 2972EF292E2DFED0003A4F1C /* XCRemoteSwiftPackageReference "NavigationSwipeControl" */;
			productName = NavigationSwipeControl;
		};
		29A2E5792E64A80C0012D944 /* AWSCognitoAuthPlugin */ = {
			isa = XCSwiftPackageProductDependency;
			package = 29A2E5782E64A80C0012D944 /* XCRemoteSwiftPackageReference "amplify-ios" */;
			productName = AWSCognitoAuthPlugin;
		};
		29C74ACE2E388FC800417533 /* Kingfisher */ = {
			isa = XCSwiftPackageProductDependency;
			package = 29C74ACD2E388FC800417533 /* XCRemoteSwiftPackageReference "Kingfisher" */;
			productName = Kingfisher;
		};
		29F8A2BD2D9EF079001633B3 /* ComposableArchitecture */ = {
			isa = XCSwiftPackageProductDependency;
			package = 29F8A2BC2D9EF078001633B3 /* XCRemoteSwiftPackageReference "swift-composable-architecture" */;
			productName = ComposableArchitecture;
		};
/* End XCSwiftPackageProductDependency section */
	};
	rootObject = 298BD7922D71E46600CB63F1 /* Project object */;
}
