// !$*UTF8*$!
{
	archiveVersion = 1;
	classes = {
	};
	objectVersion = 56;
	objects = {

/* Begin PBXBuildFile section */
		255E9767B36B35B5699F4165 /* Pods_FesTracking2Tests.framework in Frameworks */ = {isa = PBXBuildFile; fileRef = 17A70AED86F1CA931E10BF8A /* Pods_FesTracking2Tests.framework */; };
		291418462DA2B82B003D7C72 /* RouteListView.swift in Sources */ = {isa = PBXBuildFile; fileRef = 291418452DA2B822003D7C72 /* RouteListView.swift */; };
		291418482DA2B871003D7C72 /* RouteItemView.swift in Sources */ = {isa = PBXBuildFile; fileRef = 291418472DA2B871003D7C72 /* RouteItemView.swift */; };
		2914184A2DA2B8B8003D7C72 /* DistrictDetailView.swift in Sources */ = {isa = PBXBuildFile; fileRef = 291418492DA2B8B8003D7C72 /* DistrictDetailView.swift */; };
		2914184C2DA2B8E9003D7C72 /* RouteDetailView.swift in Sources */ = {isa = PBXBuildFile; fileRef = 2914184B2DA2B8E9003D7C72 /* RouteDetailView.swift */; };
		291418502DA2B981003D7C72 /* RegionDetailView.swift in Sources */ = {isa = PBXBuildFile; fileRef = 2914184D2DA2B981003D7C72 /* RegionDetailView.swift */; };
		291418512DA2B981003D7C72 /* RegionItemView.swift in Sources */ = {isa = PBXBuildFile; fileRef = 2914184E2DA2B981003D7C72 /* RegionItemView.swift */; };
		291418522DA2B981003D7C72 /* RegionListView.swift in Sources */ = {isa = PBXBuildFile; fileRef = 2914184F2DA2B981003D7C72 /* RegionListView.swift */; };
		292D0B892DB0C94800176E51 /* Performance.swift in Sources */ = {isa = PBXBuildFile; fileRef = 292D0B882DB0C94300176E51 /* Performance.swift */; };
		292D0B8B2DB0CADD00176E51 /* PerformanceAdminView.swift in Sources */ = {isa = PBXBuildFile; fileRef = 292D0B8A2DB0CAD700176E51 /* PerformanceAdminView.swift */; };
		292D0B8D2DB0CB2700176E51 /* PerformanceAdminFeature.swift in Sources */ = {isa = PBXBuildFile; fileRef = 292D0B8C2DB0CB1E00176E51 /* PerformanceAdminFeature.swift */; };
		292D0B8F2DB0D44100176E51 /* EditableListItemView.swift in Sources */ = {isa = PBXBuildFile; fileRef = 292D0B8E2DB0D43700176E51 /* EditableListItemView.swift */; };
		292D0BA12DB0E0DC00176E51 /* RegionAdminFeature.swift in Sources */ = {isa = PBXBuildFile; fileRef = 292D0BA02DB0E0D600176E51 /* RegionAdminFeature.swift */; };
		292D0BA82DB0E25300176E51 /* RegionAdminView.swift in Sources */ = {isa = PBXBuildFile; fileRef = 292D0BA72DB0E24F00176E51 /* RegionAdminView.swift */; };
		29460A0B2D8C28AC0097CAA1 /* LoginFeature.swift in Sources */ = {isa = PBXBuildFile; fileRef = 29460A0A2D8C28A40097CAA1 /* LoginFeature.swift */; };
		29460A0D2D8C29030097CAA1 /* LoginView.swift in Sources */ = {isa = PBXBuildFile; fileRef = 29460A0C2D8C28FC0097CAA1 /* LoginView.swift */; };
		29460A1A2D8C32490097CAA1 /* awsconfiguration.json in Resources */ = {isa = PBXBuildFile; fileRef = 29460A162D8C314F0097CAA1 /* awsconfiguration.json */; };
		29486DD42D8B0CD000C50C0D /* DistrictItemView.swift in Sources */ = {isa = PBXBuildFile; fileRef = 29486DD32D8B0CC600C50C0D /* DistrictItemView.swift */; };
		296795CB2DA4F3D9008D3CE1 /* RouteMapAdminView.swift in Sources */ = {isa = PBXBuildFile; fileRef = 296795CA2DA4F3CD008D3CE1 /* RouteMapAdminView.swift */; };
		296795CD2DA4F712008D3CE1 /* DateAndTime.swift in Sources */ = {isa = PBXBuildFile; fileRef = 296795CC2DA4F70D008D3CE1 /* DateAndTime.swift */; };
		296795CF2DA4F7B1008D3CE1 /* Span.swift in Sources */ = {isa = PBXBuildFile; fileRef = 296795CE2DA4F7AF008D3CE1 /* Span.swift */; };
		296795D12DA4F902008D3CE1 /* RouteMapView.swift in Sources */ = {isa = PBXBuildFile; fileRef = 296795D02DA4F8FB008D3CE1 /* RouteMapView.swift */; };
		296795D42DA4FF01008D3CE1 /* Extensions.swift in Sources */ = {isa = PBXBuildFile; fileRef = 296795D32DA4FEFD008D3CE1 /* Extensions.swift */; };
		2972017B2D9CFA50003424EF /* async.swift in Sources */ = {isa = PBXBuildFile; fileRef = 2972017A2D9CFA41003424EF /* async.swift */; };
		297201822D9CFC35003424EF /* DistrictDetail.swift in Sources */ = {isa = PBXBuildFile; fileRef = 297201812D9CFC2B003424EF /* DistrictDetail.swift */; };
		297201842D9CFFC3003424EF /* DistrictSummaries.swift in Sources */ = {isa = PBXBuildFile; fileRef = 297201832D9CFFBD003424EF /* DistrictSummaries.swift */; };
		297201872D9D00B2003424EF /* RegionDetail.swift in Sources */ = {isa = PBXBuildFile; fileRef = 297201852D9D00B2003424EF /* RegionDetail.swift */; };
		297201882D9D00B2003424EF /* RegionSummaries.swift in Sources */ = {isa = PBXBuildFile; fileRef = 297201862D9D00B2003424EF /* RegionSummaries.swift */; };
		2972018B2D9D00FF003424EF /* RouteDetailFeature.swift in Sources */ = {isa = PBXBuildFile; fileRef = 297201892D9D00FF003424EF /* RouteDetailFeature.swift */; };
		2972018C2D9D00FF003424EF /* RouteSummariesFeature.swift in Sources */ = {isa = PBXBuildFile; fileRef = 2972018A2D9D00FF003424EF /* RouteSummariesFeature.swift */; };
		2972018F2D9D0165003424EF /* DistrictPageFeature.swift in Sources */ = {isa = PBXBuildFile; fileRef = 2972018E2D9D015E003424EF /* DistrictPageFeature.swift */; };
		297201912D9D0693003424EF /* RegionPage.swift in Sources */ = {isa = PBXBuildFile; fileRef = 297201902D9D0693003424EF /* RegionPage.swift */; };
		297201932D9D077C003424EF /* AuthFeature.swift in Sources */ = {isa = PBXBuildFile; fileRef = 297201922D9D0777003424EF /* AuthFeature.swift */; };
		2983AB852D741C19002F6CB5 /* README.md in Resources */ = {isa = PBXBuildFile; fileRef = 2983AB802D741C18002F6CB5 /* README.md */; };
		2983AB862D741C19002F6CB5 /* Gemfile in Resources */ = {isa = PBXBuildFile; fileRef = 2983AB812D741C18002F6CB5 /* Gemfile */; };
		2983AB872D741C19002F6CB5 /* GoogleService-Info.plist in Resources */ = {isa = PBXBuildFile; fileRef = 2983AB822D741C19002F6CB5 /* GoogleService-Info.plist */; };
		2983AB882D741C19002F6CB5 /* Gemfile.lock in Resources */ = {isa = PBXBuildFile; fileRef = 2983AB832D741C19002F6CB5 /* Gemfile.lock */; };
		2983AB892D741C19002F6CB5 /* Podfile in Resources */ = {isa = PBXBuildFile; fileRef = 2983AB842D741C19002F6CB5 /* Podfile */; };
		298BD79E2D71E46600CB63F1 /* FesTracking2App.swift in Sources */ = {isa = PBXBuildFile; fileRef = 298BD79D2D71E46600CB63F1 /* FesTracking2App.swift */; };
		298BD7A02D71E46600CB63F1 /* ContentView.swift in Sources */ = {isa = PBXBuildFile; fileRef = 298BD79F2D71E46600CB63F1 /* ContentView.swift */; };
		298BD7A42D71E46800CB63F1 /* Assets.xcassets in Resources */ = {isa = PBXBuildFile; fileRef = 298BD7A32D71E46800CB63F1 /* Assets.xcassets */; };
		298BD7A72D71E46800CB63F1 /* Preview Assets.xcassets in Resources */ = {isa = PBXBuildFile; fileRef = 298BD7A62D71E46800CB63F1 /* Preview Assets.xcassets */; };
		298BD7B12D71E46900CB63F1 /* FesTracking2Tests.swift in Sources */ = {isa = PBXBuildFile; fileRef = 298BD7B02D71E46900CB63F1 /* FesTracking2Tests.swift */; };
		298BD7BB2D71E46900CB63F1 /* FesTracking2UITests.swift in Sources */ = {isa = PBXBuildFile; fileRef = 298BD7BA2D71E46900CB63F1 /* FesTracking2UITests.swift */; };
		298BD7BD2D71E46900CB63F1 /* FesTracking2UITestsLaunchTests.swift in Sources */ = {isa = PBXBuildFile; fileRef = 298BD7BC2D71E46900CB63F1 /* FesTracking2UITestsLaunchTests.swift */; };
		298CAF792D9D6ADF00C57C26 /* DistrictListView.swift in Sources */ = {isa = PBXBuildFile; fileRef = 298CAF782D9D6ADF00C57C26 /* DistrictListView.swift */; };
		299770202DA527FB00EEB5F4 /* RouteButton.swift in Sources */ = {isa = PBXBuildFile; fileRef = 2997701F2DA527F800EEB5F4 /* RouteButton.swift */; };
		299770222DA564A300EEB5F4 /* PointAdminView.swift in Sources */ = {isa = PBXBuildFile; fileRef = 299770212DA5649E00EEB5F4 /* PointAdminView.swift */; };
		2997C2ED2D79CA4B0032566B /* DistrictAdminFeature.swift in Sources */ = {isa = PBXBuildFile; fileRef = 2997C2EC2D79CA3E0032566B /* DistrictAdminFeature.swift */; };
		2997C2F12D79D8870032566B /* PointAdminFeature.swift in Sources */ = {isa = PBXBuildFile; fileRef = 2997C2F02D79D8820032566B /* PointAdminFeature.swift */; };
		2997C2F32D79E1130032566B /* SegmentEditingFeature.swift in Sources */ = {isa = PBXBuildFile; fileRef = 2997C2F22D79E10B0032566B /* SegmentEditingFeature.swift */; };
		299936AB2D7AD499009D651E /* UserDefaultsLiveClient.swift in Sources */ = {isa = PBXBuildFile; fileRef = 299936AA2D7AD492009D651E /* UserDefaultsLiveClient.swift */; };
		299936AE2D7AD5BF009D651E /* UserDefaultsMockClient.swift in Sources */ = {isa = PBXBuildFile; fileRef = 299936AD2D7AD5B8009D651E /* UserDefaultsMockClient.swift */; };
		29998EA12DA3EC0600CBC1DC /* RoutePublicPage.swift in Sources */ = {isa = PBXBuildFile; fileRef = 29998EA02DA3EBFD00CBC1DC /* RoutePublicPage.swift */; };
		299A51622DA942CF00B24828 /* RouteInfoAdminView.swift in Sources */ = {isa = PBXBuildFile; fileRef = 299A51612DA942C100B24828 /* RouteInfoAdminView.swift */; };
		299A51642DA944DB00B24828 /* RouteInfoAdminFeature.swift in Sources */ = {isa = PBXBuildFile; fileRef = 299A51632DA944D400B24828 /* RouteInfoAdminFeature.swift */; };
		29A043442D7DC25800E77C91 /* RouteSummary.swift in Sources */ = {isa = PBXBuildFile; fileRef = 29A043432D7DC24700E77C91 /* RouteSummary.swift */; };
		29A043462D7DC2B200E77C91 /* Route.swift in Sources */ = {isa = PBXBuildFile; fileRef = 29A043452D7DC2AF00E77C91 /* Route.swift */; };
		29A043482D7DC36400E77C91 /* Point.swift in Sources */ = {isa = PBXBuildFile; fileRef = 29A043472D7DC36200E77C91 /* Point.swift */; };
		29A0434A2D7DC43100E77C91 /* Segment.swift in Sources */ = {isa = PBXBuildFile; fileRef = 29A043492D7DC42C00E77C91 /* Segment.swift */; };
		29A0434C2D7DC54B00E77C91 /* Location.swift in Sources */ = {isa = PBXBuildFile; fileRef = 29A0434B2D7DC54900E77C91 /* Location.swift */; };
		29A0434F2D7DC61500E77C91 /* SimpleDate.swift in Sources */ = {isa = PBXBuildFile; fileRef = 29A0434E2D7DC61000E77C91 /* SimpleDate.swift */; };
		29A043512D7DC67500E77C91 /* Coordinate.swift in Sources */ = {isa = PBXBuildFile; fileRef = 29A043502D7DC67300E77C91 /* Coordinate.swift */; };
		29A043532D7DC83B00E77C91 /* SimpleTime.swift in Sources */ = {isa = PBXBuildFile; fileRef = 29A043522D7DC83800E77C91 /* SimpleTime.swift */; };
		29A043572D7DCE0C00E77C91 /* Region.swift in Sources */ = {isa = PBXBuildFile; fileRef = 29A043562D7DCE0900E77C91 /* Region.swift */; };
		29A043592D7DCFD200E77C91 /* District.swift in Sources */ = {isa = PBXBuildFile; fileRef = 29A043582D7DCFCF00E77C91 /* District.swift */; };
		29B5FD612D80870A008838BB /* RegionSummary.swift in Sources */ = {isa = PBXBuildFile; fileRef = 29B5FD602D808703008838BB /* RegionSummary.swift */; };
		29B5FD632D80877D008838BB /* DistrictSummary.swift in Sources */ = {isa = PBXBuildFile; fileRef = 29B5FD622D808776008838BB /* DistrictSummary.swift */; };
		29CB07752DAF7D1E0009A47D /* DistrictAdminView.swift in Sources */ = {isa = PBXBuildFile; fileRef = 29CB07742DAF7D150009A47D /* DistrictAdminView.swift */; };
		29CB07792DAF80850009A47D /* AreaAdminFeature.swift in Sources */ = {isa = PBXBuildFile; fileRef = 29CB07782DAF807F0009A47D /* AreaAdminFeature.swift */; };
		29CB077B2DAF86610009A47D /* BaseAdminFeature.swift in Sources */ = {isa = PBXBuildFile; fileRef = 29CB077A2DAF865C0009A47D /* BaseAdminFeature.swift */; };
		29CB077D2DAF8B970009A47D /* BaseAdminView.swift in Sources */ = {isa = PBXBuildFile; fileRef = 29CB077C2DAF8B940009A47D /* BaseAdminView.swift */; };
		29CB077F2DAF8C510009A47D /* BaseMapView.swift in Sources */ = {isa = PBXBuildFile; fileRef = 29CB077E2DAF8C500009A47D /* BaseMapView.swift */; };
		29CB07812DAF933A0009A47D /* AreaAdminView.swift in Sources */ = {isa = PBXBuildFile; fileRef = 29CB07802DAF93350009A47D /* AreaAdminView.swift */; };
		29CF49082D7425F600036D28 /* HTTP.swift in Sources */ = {isa = PBXBuildFile; fileRef = 29CF49072D7425F600036D28 /* HTTP.swift */; };
		29CF490A2D74262300036D28 /* RemoteLiveClient.swift in Sources */ = {isa = PBXBuildFile; fileRef = 29CF49092D74262300036D28 /* RemoteLiveClient.swift */; };
		29CF490C2D74263400036D28 /* RemoteMockClient.swift in Sources */ = {isa = PBXBuildFile; fileRef = 29CF490B2D74263400036D28 /* RemoteMockClient.swift */; };
		29CF49112D74269A00036D28 /* RemoteClient.swift in Sources */ = {isa = PBXBuildFile; fileRef = 29CF49102D74269A00036D28 /* RemoteClient.swift */; };
		29CF49132D7426A400036D28 /* UserDefaultsClient.swift in Sources */ = {isa = PBXBuildFile; fileRef = 29CF49122D7426A400036D28 /* UserDefaultsClient.swift */; };
		29CF49192D7440EB00036D28 /* Extension.swift in Sources */ = {isa = PBXBuildFile; fileRef = 29CF49182D7440EB00036D28 /* Extension.swift */; };
		29DAB0612DA15CD1005E94BA /* RouteMapAdminFeature.swift in Sources */ = {isa = PBXBuildFile; fileRef = 29DAB0602DA15CCF005E94BA /* RouteMapAdminFeature.swift */; };
		29DAB0642DA15CFC005E94BA /* LocationFeature.swift in Sources */ = {isa = PBXBuildFile; fileRef = 29DAB0632DA15CF0005E94BA /* LocationFeature.swift */; };
		29DAB06B2DA15FAA005E94BA /* RoutePublicPageFeature.swift in Sources */ = {isa = PBXBuildFile; fileRef = 29DAB06A2DA15FA5005E94BA /* RoutePublicPageFeature.swift */; };
		29DAB06D2DA1608E005E94BA /* AWSCognitoClient.swift in Sources */ = {isa = PBXBuildFile; fileRef = 29DAB06C2DA16084005E94BA /* AWSCognitoClient.swift */; };
		29DAB0702DA1623C005E94BA /* AWSCognitoLiveClient.swift in Sources */ = {isa = PBXBuildFile; fileRef = 29DAB06F2DA16235005E94BA /* AWSCognitoLiveClient.swift */; };
		29DAB0722DA163E4005E94BA /* AWSCognitoMockClient.swift in Sources */ = {isa = PBXBuildFile; fileRef = 29DAB0712DA163DE005E94BA /* AWSCognitoMockClient.swift */; };
		29F403062DAA95DF003527D1 /* EditableRoute.swift in Sources */ = {isa = PBXBuildFile; fileRef = 29F403052DAA95DA003527D1 /* EditableRoute.swift */; };
		29F8A2BE2D9EF079001633B3 /* ComposableArchitecture in Frameworks */ = {isa = PBXBuildFile; productRef = 29F8A2BD2D9EF079001633B3 /* ComposableArchitecture */; };
		29F8A2C12D9EF13E001633B3 /* FirebaseAppDistribution-Beta in Frameworks */ = {isa = PBXBuildFile; productRef = 29F8A2C02D9EF13E001633B3 /* FirebaseAppDistribution-Beta */; };
		59414DD9ADD88C0A71E94FE3 /* Pods_FesTracking2_FesTracking2UITests.framework in Frameworks */ = {isa = PBXBuildFile; fileRef = A8F61DA4134BD89A5D2377A2 /* Pods_FesTracking2_FesTracking2UITests.framework */; };
		D78195157F20422B3B5A8EA3 /* Pods_FesTracking2.framework in Frameworks */ = {isa = PBXBuildFile; fileRef = EF51269A5D5AB06C2B7C01CD /* Pods_FesTracking2.framework */; };
/* End PBXBuildFile section */

/* Begin PBXContainerItemProxy section */
		298BD7AD2D71E46900CB63F1 /* PBXContainerItemProxy */ = {
			isa = PBXContainerItemProxy;
			containerPortal = 298BD7922D71E46600CB63F1 /* Project object */;
			proxyType = 1;
			remoteGlobalIDString = 298BD7992D71E46600CB63F1;
			remoteInfo = FesTracking2;
		};
		298BD7B72D71E46900CB63F1 /* PBXContainerItemProxy */ = {
			isa = PBXContainerItemProxy;
			containerPortal = 298BD7922D71E46600CB63F1 /* Project object */;
			proxyType = 1;
			remoteGlobalIDString = 298BD7992D71E46600CB63F1;
			remoteInfo = FesTracking2;
		};
/* End PBXContainerItemProxy section */

/* Begin PBXFileReference section */
		17A70AED86F1CA931E10BF8A /* Pods_FesTracking2Tests.framework */ = {isa = PBXFileReference; explicitFileType = wrapper.framework; includeInIndex = 0; path = Pods_FesTracking2Tests.framework; sourceTree = BUILT_PRODUCTS_DIR; };
		231FDE1DF1A39C005D053084 /* Pods-FesTracking2-FesTracking2UITests.release.xcconfig */ = {isa = PBXFileReference; includeInIndex = 1; lastKnownFileType = text.xcconfig; name = "Pods-FesTracking2-FesTracking2UITests.release.xcconfig"; path = "Target Support Files/Pods-FesTracking2-FesTracking2UITests/Pods-FesTracking2-FesTracking2UITests.release.xcconfig"; sourceTree = "<group>"; };
		269836BF39E1F2EAD3C8133A /* Pods-FesTracking2Tests.release.xcconfig */ = {isa = PBXFileReference; includeInIndex = 1; lastKnownFileType = text.xcconfig; name = "Pods-FesTracking2Tests.release.xcconfig"; path = "Target Support Files/Pods-FesTracking2Tests/Pods-FesTracking2Tests.release.xcconfig"; sourceTree = "<group>"; };
		291418452DA2B822003D7C72 /* RouteListView.swift */ = {isa = PBXFileReference; lastKnownFileType = sourcecode.swift; path = RouteListView.swift; sourceTree = "<group>"; };
		291418472DA2B871003D7C72 /* RouteItemView.swift */ = {isa = PBXFileReference; lastKnownFileType = sourcecode.swift; path = RouteItemView.swift; sourceTree = "<group>"; };
		291418492DA2B8B8003D7C72 /* DistrictDetailView.swift */ = {isa = PBXFileReference; lastKnownFileType = sourcecode.swift; path = DistrictDetailView.swift; sourceTree = "<group>"; };
		2914184B2DA2B8E9003D7C72 /* RouteDetailView.swift */ = {isa = PBXFileReference; lastKnownFileType = sourcecode.swift; path = RouteDetailView.swift; sourceTree = "<group>"; };
		2914184D2DA2B981003D7C72 /* RegionDetailView.swift */ = {isa = PBXFileReference; lastKnownFileType = sourcecode.swift; path = RegionDetailView.swift; sourceTree = "<group>"; };
		2914184E2DA2B981003D7C72 /* RegionItemView.swift */ = {isa = PBXFileReference; lastKnownFileType = sourcecode.swift; path = RegionItemView.swift; sourceTree = "<group>"; };
		2914184F2DA2B981003D7C72 /* RegionListView.swift */ = {isa = PBXFileReference; lastKnownFileType = sourcecode.swift; path = RegionListView.swift; sourceTree = "<group>"; };
		292D0B882DB0C94300176E51 /* Performance.swift */ = {isa = PBXFileReference; lastKnownFileType = sourcecode.swift; path = Performance.swift; sourceTree = "<group>"; };
		292D0B8A2DB0CAD700176E51 /* PerformanceAdminView.swift */ = {isa = PBXFileReference; lastKnownFileType = sourcecode.swift; path = PerformanceAdminView.swift; sourceTree = "<group>"; };
		292D0B8C2DB0CB1E00176E51 /* PerformanceAdminFeature.swift */ = {isa = PBXFileReference; lastKnownFileType = sourcecode.swift; path = PerformanceAdminFeature.swift; sourceTree = "<group>"; };
		292D0B8E2DB0D43700176E51 /* EditableListItemView.swift */ = {isa = PBXFileReference; lastKnownFileType = sourcecode.swift; path = EditableListItemView.swift; sourceTree = "<group>"; };
		292D0BA02DB0E0D600176E51 /* RegionAdminFeature.swift */ = {isa = PBXFileReference; lastKnownFileType = sourcecode.swift; path = RegionAdminFeature.swift; sourceTree = "<group>"; };
		292D0BA72DB0E24F00176E51 /* RegionAdminView.swift */ = {isa = PBXFileReference; lastKnownFileType = sourcecode.swift; path = RegionAdminView.swift; sourceTree = "<group>"; };
		29460A0A2D8C28A40097CAA1 /* LoginFeature.swift */ = {isa = PBXFileReference; lastKnownFileType = sourcecode.swift; path = LoginFeature.swift; sourceTree = "<group>"; };
		29460A0C2D8C28FC0097CAA1 /* LoginView.swift */ = {isa = PBXFileReference; lastKnownFileType = sourcecode.swift; path = LoginView.swift; sourceTree = "<group>"; };
		29460A162D8C314F0097CAA1 /* awsconfiguration.json */ = {isa = PBXFileReference; lastKnownFileType = text.json; path = awsconfiguration.json; sourceTree = "<group>"; };
		29486DD32D8B0CC600C50C0D /* DistrictItemView.swift */ = {isa = PBXFileReference; lastKnownFileType = sourcecode.swift; path = DistrictItemView.swift; sourceTree = "<group>"; };
		296795CA2DA4F3CD008D3CE1 /* RouteMapAdminView.swift */ = {isa = PBXFileReference; lastKnownFileType = sourcecode.swift; path = RouteMapAdminView.swift; sourceTree = "<group>"; };
		296795CC2DA4F70D008D3CE1 /* DateAndTime.swift */ = {isa = PBXFileReference; lastKnownFileType = sourcecode.swift; path = DateAndTime.swift; sourceTree = "<group>"; };
		296795CE2DA4F7AF008D3CE1 /* Span.swift */ = {isa = PBXFileReference; lastKnownFileType = sourcecode.swift; path = Span.swift; sourceTree = "<group>"; };
		296795D02DA4F8FB008D3CE1 /* RouteMapView.swift */ = {isa = PBXFileReference; lastKnownFileType = sourcecode.swift; path = RouteMapView.swift; sourceTree = "<group>"; };
		296795D32DA4FEFD008D3CE1 /* Extensions.swift */ = {isa = PBXFileReference; lastKnownFileType = sourcecode.swift; path = Extensions.swift; sourceTree = "<group>"; };
		2972017A2D9CFA41003424EF /* async.swift */ = {isa = PBXFileReference; lastKnownFileType = sourcecode.swift; path = async.swift; sourceTree = "<group>"; };
		297201812D9CFC2B003424EF /* DistrictDetail.swift */ = {isa = PBXFileReference; lastKnownFileType = sourcecode.swift; path = DistrictDetail.swift; sourceTree = "<group>"; };
		297201832D9CFFBD003424EF /* DistrictSummaries.swift */ = {isa = PBXFileReference; lastKnownFileType = sourcecode.swift; path = DistrictSummaries.swift; sourceTree = "<group>"; };
		297201852D9D00B2003424EF /* RegionDetail.swift */ = {isa = PBXFileReference; lastKnownFileType = sourcecode.swift; path = RegionDetail.swift; sourceTree = "<group>"; };
		297201862D9D00B2003424EF /* RegionSummaries.swift */ = {isa = PBXFileReference; lastKnownFileType = sourcecode.swift; path = RegionSummaries.swift; sourceTree = "<group>"; };
		297201892D9D00FF003424EF /* RouteDetailFeature.swift */ = {isa = PBXFileReference; lastKnownFileType = sourcecode.swift; path = RouteDetailFeature.swift; sourceTree = "<group>"; };
		2972018A2D9D00FF003424EF /* RouteSummariesFeature.swift */ = {isa = PBXFileReference; lastKnownFileType = sourcecode.swift; path = RouteSummariesFeature.swift; sourceTree = "<group>"; };
		2972018E2D9D015E003424EF /* DistrictPageFeature.swift */ = {isa = PBXFileReference; lastKnownFileType = sourcecode.swift; path = DistrictPageFeature.swift; sourceTree = "<group>"; };
		297201902D9D0693003424EF /* RegionPage.swift */ = {isa = PBXFileReference; lastKnownFileType = sourcecode.swift; path = RegionPage.swift; sourceTree = "<group>"; };
		297201922D9D0777003424EF /* AuthFeature.swift */ = {isa = PBXFileReference; lastKnownFileType = sourcecode.swift; path = AuthFeature.swift; sourceTree = "<group>"; };
		2983AB802D741C18002F6CB5 /* README.md */ = {isa = PBXFileReference; fileEncoding = 4; lastKnownFileType = net.daringfireball.markdown; path = README.md; sourceTree = "<group>"; };
		2983AB812D741C18002F6CB5 /* Gemfile */ = {isa = PBXFileReference; fileEncoding = 4; lastKnownFileType = text; path = Gemfile; sourceTree = "<group>"; };
		2983AB822D741C19002F6CB5 /* GoogleService-Info.plist */ = {isa = PBXFileReference; fileEncoding = 4; lastKnownFileType = text.plist.xml; path = "GoogleService-Info.plist"; sourceTree = "<group>"; };
		2983AB832D741C19002F6CB5 /* Gemfile.lock */ = {isa = PBXFileReference; fileEncoding = 4; lastKnownFileType = text; path = Gemfile.lock; sourceTree = "<group>"; };
		2983AB842D741C19002F6CB5 /* Podfile */ = {isa = PBXFileReference; fileEncoding = 4; lastKnownFileType = text; path = Podfile; sourceTree = "<group>"; xcLanguageSpecificationIdentifier = xcode.lang.ruby; };
		298BD79A2D71E46600CB63F1 /* FesTracking2.app */ = {isa = PBXFileReference; explicitFileType = wrapper.application; includeInIndex = 0; path = FesTracking2.app; sourceTree = BUILT_PRODUCTS_DIR; };
		298BD79D2D71E46600CB63F1 /* FesTracking2App.swift */ = {isa = PBXFileReference; lastKnownFileType = sourcecode.swift; path = FesTracking2App.swift; sourceTree = "<group>"; };
		298BD79F2D71E46600CB63F1 /* ContentView.swift */ = {isa = PBXFileReference; lastKnownFileType = sourcecode.swift; path = ContentView.swift; sourceTree = "<group>"; };
		298BD7A32D71E46800CB63F1 /* Assets.xcassets */ = {isa = PBXFileReference; lastKnownFileType = folder.assetcatalog; path = Assets.xcassets; sourceTree = "<group>"; };
		298BD7A62D71E46800CB63F1 /* Preview Assets.xcassets */ = {isa = PBXFileReference; lastKnownFileType = folder.assetcatalog; path = "Preview Assets.xcassets"; sourceTree = "<group>"; };
		298BD7AC2D71E46900CB63F1 /* FesTracking2Tests.xctest */ = {isa = PBXFileReference; explicitFileType = wrapper.cfbundle; includeInIndex = 0; path = FesTracking2Tests.xctest; sourceTree = BUILT_PRODUCTS_DIR; };
		298BD7B02D71E46900CB63F1 /* FesTracking2Tests.swift */ = {isa = PBXFileReference; lastKnownFileType = sourcecode.swift; path = FesTracking2Tests.swift; sourceTree = "<group>"; };
		298BD7B62D71E46900CB63F1 /* FesTracking2UITests.xctest */ = {isa = PBXFileReference; explicitFileType = wrapper.cfbundle; includeInIndex = 0; path = FesTracking2UITests.xctest; sourceTree = BUILT_PRODUCTS_DIR; };
		298BD7BA2D71E46900CB63F1 /* FesTracking2UITests.swift */ = {isa = PBXFileReference; lastKnownFileType = sourcecode.swift; path = FesTracking2UITests.swift; sourceTree = "<group>"; };
		298BD7BC2D71E46900CB63F1 /* FesTracking2UITestsLaunchTests.swift */ = {isa = PBXFileReference; lastKnownFileType = sourcecode.swift; path = FesTracking2UITestsLaunchTests.swift; sourceTree = "<group>"; };
		298CAF782D9D6ADF00C57C26 /* DistrictListView.swift */ = {isa = PBXFileReference; lastKnownFileType = sourcecode.swift; path = DistrictListView.swift; sourceTree = "<group>"; };
		2997701F2DA527F800EEB5F4 /* RouteButton.swift */ = {isa = PBXFileReference; lastKnownFileType = sourcecode.swift; path = RouteButton.swift; sourceTree = "<group>"; };
		299770212DA5649E00EEB5F4 /* PointAdminView.swift */ = {isa = PBXFileReference; lastKnownFileType = sourcecode.swift; path = PointAdminView.swift; sourceTree = "<group>"; };
		2997C2EC2D79CA3E0032566B /* DistrictAdminFeature.swift */ = {isa = PBXFileReference; lastKnownFileType = sourcecode.swift; path = DistrictAdminFeature.swift; sourceTree = "<group>"; };
		2997C2F02D79D8820032566B /* PointAdminFeature.swift */ = {isa = PBXFileReference; lastKnownFileType = sourcecode.swift; path = PointAdminFeature.swift; sourceTree = "<group>"; };
		2997C2F22D79E10B0032566B /* SegmentEditingFeature.swift */ = {isa = PBXFileReference; lastKnownFileType = sourcecode.swift; path = SegmentEditingFeature.swift; sourceTree = "<group>"; };
		299936AA2D7AD492009D651E /* UserDefaultsLiveClient.swift */ = {isa = PBXFileReference; lastKnownFileType = sourcecode.swift; path = UserDefaultsLiveClient.swift; sourceTree = "<group>"; };
		299936AD2D7AD5B8009D651E /* UserDefaultsMockClient.swift */ = {isa = PBXFileReference; lastKnownFileType = sourcecode.swift; path = UserDefaultsMockClient.swift; sourceTree = "<group>"; };
		29998EA02DA3EBFD00CBC1DC /* RoutePublicPage.swift */ = {isa = PBXFileReference; lastKnownFileType = sourcecode.swift; path = RoutePublicPage.swift; sourceTree = "<group>"; };
		299A51612DA942C100B24828 /* RouteInfoAdminView.swift */ = {isa = PBXFileReference; lastKnownFileType = sourcecode.swift; path = RouteInfoAdminView.swift; sourceTree = "<group>"; };
		299A51632DA944D400B24828 /* RouteInfoAdminFeature.swift */ = {isa = PBXFileReference; lastKnownFileType = sourcecode.swift; path = RouteInfoAdminFeature.swift; sourceTree = "<group>"; };
		29A043432D7DC24700E77C91 /* RouteSummary.swift */ = {isa = PBXFileReference; lastKnownFileType = sourcecode.swift; path = RouteSummary.swift; sourceTree = "<group>"; };
		29A043452D7DC2AF00E77C91 /* Route.swift */ = {isa = PBXFileReference; lastKnownFileType = sourcecode.swift; path = Route.swift; sourceTree = "<group>"; };
		29A043472D7DC36200E77C91 /* Point.swift */ = {isa = PBXFileReference; lastKnownFileType = sourcecode.swift; path = Point.swift; sourceTree = "<group>"; };
		29A043492D7DC42C00E77C91 /* Segment.swift */ = {isa = PBXFileReference; lastKnownFileType = sourcecode.swift; path = Segment.swift; sourceTree = "<group>"; };
		29A0434B2D7DC54900E77C91 /* Location.swift */ = {isa = PBXFileReference; lastKnownFileType = sourcecode.swift; path = Location.swift; sourceTree = "<group>"; };
		29A0434E2D7DC61000E77C91 /* SimpleDate.swift */ = {isa = PBXFileReference; lastKnownFileType = sourcecode.swift; path = SimpleDate.swift; sourceTree = "<group>"; };
		29A043502D7DC67300E77C91 /* Coordinate.swift */ = {isa = PBXFileReference; lastKnownFileType = sourcecode.swift; path = Coordinate.swift; sourceTree = "<group>"; };
		29A043522D7DC83800E77C91 /* SimpleTime.swift */ = {isa = PBXFileReference; lastKnownFileType = sourcecode.swift; path = SimpleTime.swift; sourceTree = "<group>"; };
		29A043562D7DCE0900E77C91 /* Region.swift */ = {isa = PBXFileReference; lastKnownFileType = sourcecode.swift; path = Region.swift; sourceTree = "<group>"; };
		29A043582D7DCFCF00E77C91 /* District.swift */ = {isa = PBXFileReference; lastKnownFileType = sourcecode.swift; path = District.swift; sourceTree = "<group>"; };
		29B5FD602D808703008838BB /* RegionSummary.swift */ = {isa = PBXFileReference; lastKnownFileType = sourcecode.swift; path = RegionSummary.swift; sourceTree = "<group>"; };
		29B5FD622D808776008838BB /* DistrictSummary.swift */ = {isa = PBXFileReference; lastKnownFileType = sourcecode.swift; path = DistrictSummary.swift; sourceTree = "<group>"; };
		29CB07742DAF7D150009A47D /* DistrictAdminView.swift */ = {isa = PBXFileReference; lastKnownFileType = sourcecode.swift; path = DistrictAdminView.swift; sourceTree = "<group>"; };
		29CB07782DAF807F0009A47D /* AreaAdminFeature.swift */ = {isa = PBXFileReference; lastKnownFileType = sourcecode.swift; path = AreaAdminFeature.swift; sourceTree = "<group>"; };
		29CB077A2DAF865C0009A47D /* BaseAdminFeature.swift */ = {isa = PBXFileReference; lastKnownFileType = sourcecode.swift; path = BaseAdminFeature.swift; sourceTree = "<group>"; };
		29CB077C2DAF8B940009A47D /* BaseAdminView.swift */ = {isa = PBXFileReference; lastKnownFileType = sourcecode.swift; path = BaseAdminView.swift; sourceTree = "<group>"; };
		29CB077E2DAF8C500009A47D /* BaseMapView.swift */ = {isa = PBXFileReference; lastKnownFileType = sourcecode.swift; path = BaseMapView.swift; sourceTree = "<group>"; };
		29CB07802DAF93350009A47D /* AreaAdminView.swift */ = {isa = PBXFileReference; lastKnownFileType = sourcecode.swift; path = AreaAdminView.swift; sourceTree = "<group>"; };
		29CF49072D7425F600036D28 /* HTTP.swift */ = {isa = PBXFileReference; lastKnownFileType = sourcecode.swift; path = HTTP.swift; sourceTree = "<group>"; };
		29CF49092D74262300036D28 /* RemoteLiveClient.swift */ = {isa = PBXFileReference; lastKnownFileType = sourcecode.swift; path = RemoteLiveClient.swift; sourceTree = "<group>"; };
		29CF490B2D74263400036D28 /* RemoteMockClient.swift */ = {isa = PBXFileReference; lastKnownFileType = sourcecode.swift; path = RemoteMockClient.swift; sourceTree = "<group>"; };
		29CF49102D74269A00036D28 /* RemoteClient.swift */ = {isa = PBXFileReference; lastKnownFileType = sourcecode.swift; path = RemoteClient.swift; sourceTree = "<group>"; };
		29CF49122D7426A400036D28 /* UserDefaultsClient.swift */ = {isa = PBXFileReference; lastKnownFileType = sourcecode.swift; path = UserDefaultsClient.swift; sourceTree = "<group>"; };
		29CF49182D7440EB00036D28 /* Extension.swift */ = {isa = PBXFileReference; lastKnownFileType = sourcecode.swift; path = Extension.swift; sourceTree = "<group>"; };
		29DAB0602DA15CCF005E94BA /* RouteMapAdminFeature.swift */ = {isa = PBXFileReference; lastKnownFileType = sourcecode.swift; path = RouteMapAdminFeature.swift; sourceTree = "<group>"; };
		29DAB0632DA15CF0005E94BA /* LocationFeature.swift */ = {isa = PBXFileReference; lastKnownFileType = sourcecode.swift; path = LocationFeature.swift; sourceTree = "<group>"; };
		29DAB06A2DA15FA5005E94BA /* RoutePublicPageFeature.swift */ = {isa = PBXFileReference; lastKnownFileType = sourcecode.swift; path = RoutePublicPageFeature.swift; sourceTree = "<group>"; };
		29DAB06C2DA16084005E94BA /* AWSCognitoClient.swift */ = {isa = PBXFileReference; lastKnownFileType = sourcecode.swift; path = AWSCognitoClient.swift; sourceTree = "<group>"; };
		29DAB06F2DA16235005E94BA /* AWSCognitoLiveClient.swift */ = {isa = PBXFileReference; lastKnownFileType = sourcecode.swift; path = AWSCognitoLiveClient.swift; sourceTree = "<group>"; };
		29DAB0712DA163DE005E94BA /* AWSCognitoMockClient.swift */ = {isa = PBXFileReference; lastKnownFileType = sourcecode.swift; path = AWSCognitoMockClient.swift; sourceTree = "<group>"; };
		29F403052DAA95DA003527D1 /* EditableRoute.swift */ = {isa = PBXFileReference; lastKnownFileType = sourcecode.swift; path = EditableRoute.swift; sourceTree = "<group>"; };
		2ED28BC68D7C76B5AD0147C2 /* Pods-FesTracking2.debug.xcconfig */ = {isa = PBXFileReference; includeInIndex = 1; lastKnownFileType = text.xcconfig; name = "Pods-FesTracking2.debug.xcconfig"; path = "Target Support Files/Pods-FesTracking2/Pods-FesTracking2.debug.xcconfig"; sourceTree = "<group>"; };
		853A27735A6145CF5C6B1C0B /* Pods-FesTracking2-FesTracking2UITests.debug.xcconfig */ = {isa = PBXFileReference; includeInIndex = 1; lastKnownFileType = text.xcconfig; name = "Pods-FesTracking2-FesTracking2UITests.debug.xcconfig"; path = "Target Support Files/Pods-FesTracking2-FesTracking2UITests/Pods-FesTracking2-FesTracking2UITests.debug.xcconfig"; sourceTree = "<group>"; };
		A8F61DA4134BD89A5D2377A2 /* Pods_FesTracking2_FesTracking2UITests.framework */ = {isa = PBXFileReference; explicitFileType = wrapper.framework; includeInIndex = 0; path = Pods_FesTracking2_FesTracking2UITests.framework; sourceTree = BUILT_PRODUCTS_DIR; };
		BD6BB794D49DA18CACED2CCF /* Pods-FesTracking2Tests.debug.xcconfig */ = {isa = PBXFileReference; includeInIndex = 1; lastKnownFileType = text.xcconfig; name = "Pods-FesTracking2Tests.debug.xcconfig"; path = "Target Support Files/Pods-FesTracking2Tests/Pods-FesTracking2Tests.debug.xcconfig"; sourceTree = "<group>"; };
		C2452BC5E866C14D5C7C3887 /* Pods-FesTracking2.release.xcconfig */ = {isa = PBXFileReference; includeInIndex = 1; lastKnownFileType = text.xcconfig; name = "Pods-FesTracking2.release.xcconfig"; path = "Target Support Files/Pods-FesTracking2/Pods-FesTracking2.release.xcconfig"; sourceTree = "<group>"; };
		EF51269A5D5AB06C2B7C01CD /* Pods_FesTracking2.framework */ = {isa = PBXFileReference; explicitFileType = wrapper.framework; includeInIndex = 0; path = Pods_FesTracking2.framework; sourceTree = BUILT_PRODUCTS_DIR; };
/* End PBXFileReference section */

/* Begin PBXFrameworksBuildPhase section */
		298BD7972D71E46600CB63F1 /* Frameworks */ = {
			isa = PBXFrameworksBuildPhase;
			buildActionMask = 2147483647;
			files = (
				29F8A2BE2D9EF079001633B3 /* ComposableArchitecture in Frameworks */,
				D78195157F20422B3B5A8EA3 /* Pods_FesTracking2.framework in Frameworks */,
				29F8A2C12D9EF13E001633B3 /* FirebaseAppDistribution-Beta in Frameworks */,
			);
			runOnlyForDeploymentPostprocessing = 0;
		};
		298BD7A92D71E46900CB63F1 /* Frameworks */ = {
			isa = PBXFrameworksBuildPhase;
			buildActionMask = 2147483647;
			files = (
				255E9767B36B35B5699F4165 /* Pods_FesTracking2Tests.framework in Frameworks */,
			);
			runOnlyForDeploymentPostprocessing = 0;
		};
		298BD7B32D71E46900CB63F1 /* Frameworks */ = {
			isa = PBXFrameworksBuildPhase;
			buildActionMask = 2147483647;
			files = (
				59414DD9ADD88C0A71E94FE3 /* Pods_FesTracking2_FesTracking2UITests.framework in Frameworks */,
			);
			runOnlyForDeploymentPostprocessing = 0;
		};
/* End PBXFrameworksBuildPhase section */

/* Begin PBXGroup section */
		1523B4F9B78B63D347CE5EFD /* Pods */ = {
			isa = PBXGroup;
			children = (
				2ED28BC68D7C76B5AD0147C2 /* Pods-FesTracking2.debug.xcconfig */,
				C2452BC5E866C14D5C7C3887 /* Pods-FesTracking2.release.xcconfig */,
				853A27735A6145CF5C6B1C0B /* Pods-FesTracking2-FesTracking2UITests.debug.xcconfig */,
				231FDE1DF1A39C005D053084 /* Pods-FesTracking2-FesTracking2UITests.release.xcconfig */,
				BD6BB794D49DA18CACED2CCF /* Pods-FesTracking2Tests.debug.xcconfig */,
				269836BF39E1F2EAD3C8133A /* Pods-FesTracking2Tests.release.xcconfig */,
			);
			path = Pods;
			sourceTree = "<group>";
		};
		292D0B902DB0DFBC00176E51 /* Public */ = {
			isa = PBXGroup;
			children = (
				2914184D2DA2B981003D7C72 /* RegionDetailView.swift */,
				2914184E2DA2B981003D7C72 /* RegionItemView.swift */,
				2914184F2DA2B981003D7C72 /* RegionListView.swift */,
			);
			path = Public;
			sourceTree = "<group>";
		};
		292D0B9E2DB0E0C200176E51 /* Public */ = {
			isa = PBXGroup;
			children = (
				297201862D9D00B2003424EF /* RegionSummaries.swift */,
				297201852D9D00B2003424EF /* RegionDetail.swift */,
			);
			path = Public;
			sourceTree = "<group>";
		};
		292D0B9F2DB0E0D000176E51 /* Admin */ = {
			isa = PBXGroup;
			children = (
				292D0BA02DB0E0D600176E51 /* RegionAdminFeature.swift */,
			);
			path = Admin;
			sourceTree = "<group>";
		};
		292D0BA62DB0E24800176E51 /* Admin */ = {
			isa = PBXGroup;
			children = (
				292D0BA72DB0E24F00176E51 /* RegionAdminView.swift */,
			);
			path = Admin;
			sourceTree = "<group>";
		};
		29486DCC2D8B031F00C50C0D /* Public */ = {
			isa = PBXGroup;
			children = (
				29998EA02DA3EBFD00CBC1DC /* RoutePublicPage.swift */,
			);
			path = Public;
			sourceTree = "<group>";
		};
		29486DCD2D8B033800C50C0D /* Admin */ = {
			isa = PBXGroup;
			children = (
				29460A0C2D8C28FC0097CAA1 /* LoginView.swift */,
			);
			path = Admin;
			sourceTree = "<group>";
		};
		29486DD02D8B093B00C50C0D /* Page */ = {
			isa = PBXGroup;
			children = (
				29486DCD2D8B033800C50C0D /* Admin */,
				29486DCC2D8B031F00C50C0D /* Public */,
			);
			path = Page;
			sourceTree = "<group>";
		};
		29486DD12D8B094F00C50C0D /* Compound */ = {
			isa = PBXGroup;
			children = (
				298CAF712D9D6A6E00C57C26 /* District */,
				298CAF722D9D6A7500C57C26 /* Route */,
				298CAF702D9D6A6800C57C26 /* Region */,
			);
			path = Compound;
			sourceTree = "<group>";
		};
		29486DD22D8B095D00C50C0D /* Parts */ = {
			isa = PBXGroup;
			children = (
				292D0B8E2DB0D43700176E51 /* EditableListItemView.swift */,
				2997701E2DA527ED00EEB5F4 /* Button */,
			);
			path = Parts;
			sourceTree = "<group>";
		};
		296795D22DA4F96C008D3CE1 /* Core */ = {
			isa = PBXGroup;
			children = (
				296795D32DA4FEFD008D3CE1 /* Extensions.swift */,
				296795D02DA4F8FB008D3CE1 /* RouteMapView.swift */,
				29CB077E2DAF8C500009A47D /* BaseMapView.swift */,
			);
			path = Core;
			sourceTree = "<group>";
		};
		2972017C2D9CFBF2003424EF /* Feature */ = {
			isa = PBXGroup;
			children = (
				29DAB0622DA15CE6005E94BA /* Location */,
				297201942D9D087C003424EF /* Auth */,
				297201802D9CFC16003424EF /* District */,
				2972017F2D9CFC0D003424EF /* Region */,
				2972017E2D9CFC05003424EF /* Route */,
				2972017D2D9CFBFB003424EF /* Page */,
			);
			path = Feature;
			sourceTree = "<group>";
		};
		2972017D2D9CFBFB003424EF /* Page */ = {
			isa = PBXGroup;
			children = (
				2972018E2D9D015E003424EF /* DistrictPageFeature.swift */,
				29DAB06A2DA15FA5005E94BA /* RoutePublicPageFeature.swift */,
				297201902D9D0693003424EF /* RegionPage.swift */,
			);
			path = Page;
			sourceTree = "<group>";
		};
		2972017E2D9CFC05003424EF /* Route */ = {
			isa = PBXGroup;
			children = (
				29DAB0662DA15E8E005E94BA /* Admin */,
				29DAB0692DA15EAB005E94BA /* Public */,
			);
			path = Route;
			sourceTree = "<group>";
		};
		2972017F2D9CFC0D003424EF /* Region */ = {
			isa = PBXGroup;
			children = (
				292D0B9F2DB0E0D000176E51 /* Admin */,
				292D0B9E2DB0E0C200176E51 /* Public */,
			);
			path = Region;
			sourceTree = "<group>";
		};
		297201802D9CFC16003424EF /* District */ = {
			isa = PBXGroup;
			children = (
				29CB07772DAF7E650009A47D /* Public */,
				29CB07762DAF7E5F0009A47D /* Admin */,
			);
			path = District;
			sourceTree = "<group>";
		};
		297201942D9D087C003424EF /* Auth */ = {
			isa = PBXGroup;
			children = (
				297201922D9D0777003424EF /* AuthFeature.swift */,
				29460A0A2D8C28A40097CAA1 /* LoginFeature.swift */,
			);
			path = Auth;
			sourceTree = "<group>";
		};
		2983AB722D74152C002F6CB5 /* Domain */ = {
			isa = PBXGroup;
			children = (
				29DAB05F2D9FC546005E94BA /* Interfaces */,
				29CF490D2D74266500036D28 /* Models */,
			);
			path = Domain;
			sourceTree = "<group>";
		};
		2983AB772D741534002F6CB5 /* Presentation */ = {
			isa = PBXGroup;
			children = (
				296795D22DA4F96C008D3CE1 /* Core */,
				29486DD22D8B095D00C50C0D /* Parts */,
				29486DD12D8B094F00C50C0D /* Compound */,
				29486DD02D8B093B00C50C0D /* Page */,
			);
			path = Presentation;
			sourceTree = "<group>";
		};
		298BD7912D71E46600CB63F1 = {
			isa = PBXGroup;
			children = (
				29460A162D8C314F0097CAA1 /* awsconfiguration.json */,
				2983AB812D741C18002F6CB5 /* Gemfile */,
				2983AB832D741C19002F6CB5 /* Gemfile.lock */,
				2983AB822D741C19002F6CB5 /* GoogleService-Info.plist */,
				2983AB842D741C19002F6CB5 /* Podfile */,
				2983AB802D741C18002F6CB5 /* README.md */,
				298BD79C2D71E46600CB63F1 /* FesTracking2 */,
				298BD7AF2D71E46900CB63F1 /* FesTracking2Tests */,
				298BD7B92D71E46900CB63F1 /* FesTracking2UITests */,
				298BD79B2D71E46600CB63F1 /* Products */,
				1523B4F9B78B63D347CE5EFD /* Pods */,
				D2B77F2FCB1569E5BDDFA692 /* Frameworks */,
			);
			sourceTree = "<group>";
		};
		298BD79B2D71E46600CB63F1 /* Products */ = {
			isa = PBXGroup;
			children = (
				298BD79A2D71E46600CB63F1 /* FesTracking2.app */,
				298BD7AC2D71E46900CB63F1 /* FesTracking2Tests.xctest */,
				298BD7B62D71E46900CB63F1 /* FesTracking2UITests.xctest */,
			);
			name = Products;
			sourceTree = "<group>";
		};
		298BD79C2D71E46600CB63F1 /* FesTracking2 */ = {
			isa = PBXGroup;
			children = (
				2983AB722D74152C002F6CB5 /* Domain */,
				29CF49152D74315300036D28 /* Application */,
				29CF49062D7425D600036D28 /* Utils */,
				29CF49032D74244500036D28 /* Infrastructure */,
				2983AB772D741534002F6CB5 /* Presentation */,
				298BD79D2D71E46600CB63F1 /* FesTracking2App.swift */,
				298BD79F2D71E46600CB63F1 /* ContentView.swift */,
				298BD7A32D71E46800CB63F1 /* Assets.xcassets */,
				298BD7A52D71E46800CB63F1 /* Preview Content */,
			);
			path = FesTracking2;
			sourceTree = "<group>";
		};
		298BD7A52D71E46800CB63F1 /* Preview Content */ = {
			isa = PBXGroup;
			children = (
				298BD7A62D71E46800CB63F1 /* Preview Assets.xcassets */,
			);
			path = "Preview Content";
			sourceTree = "<group>";
		};
		298BD7AF2D71E46900CB63F1 /* FesTracking2Tests */ = {
			isa = PBXGroup;
			children = (
				298BD7B02D71E46900CB63F1 /* FesTracking2Tests.swift */,
			);
			path = FesTracking2Tests;
			sourceTree = "<group>";
		};
		298BD7B92D71E46900CB63F1 /* FesTracking2UITests */ = {
			isa = PBXGroup;
			children = (
				298BD7BA2D71E46900CB63F1 /* FesTracking2UITests.swift */,
				298BD7BC2D71E46900CB63F1 /* FesTracking2UITestsLaunchTests.swift */,
			);
			path = FesTracking2UITests;
			sourceTree = "<group>";
		};
		298CAF702D9D6A6800C57C26 /* Region */ = {
			isa = PBXGroup;
			children = (
				292D0BA62DB0E24800176E51 /* Admin */,
				292D0B902DB0DFBC00176E51 /* Public */,
			);
			path = Region;
			sourceTree = "<group>";
		};
		298CAF712D9D6A6E00C57C26 /* District */ = {
			isa = PBXGroup;
			children = (
				29CB07722DAF7CF30009A47D /* Public */,
				29CB07732DAF7CFE0009A47D /* Admin */,
			);
			path = District;
			sourceTree = "<group>";
		};
		298CAF722D9D6A7500C57C26 /* Route */ = {
			isa = PBXGroup;
			children = (
				299A516A2DA9548A00B24828 /* Public */,
				299A51692DA9547A00B24828 /* Admin */,
			);
			path = Route;
			sourceTree = "<group>";
		};
		2997701E2DA527ED00EEB5F4 /* Button */ = {
			isa = PBXGroup;
			children = (
				2997701F2DA527F800EEB5F4 /* RouteButton.swift */,
			);
			path = Button;
			sourceTree = "<group>";
		};
		29998EA22DA4128200CBC1DC /* District */ = {
			isa = PBXGroup;
			children = (
				29A043582D7DCFCF00E77C91 /* District.swift */,
				29B5FD622D808776008838BB /* DistrictSummary.swift */,
				292D0B882DB0C94300176E51 /* Performance.swift */,
			);
			path = District;
			sourceTree = "<group>";
		};
		299A51692DA9547A00B24828 /* Admin */ = {
			isa = PBXGroup;
			children = (
				296795CA2DA4F3CD008D3CE1 /* RouteMapAdminView.swift */,
				299A51612DA942C100B24828 /* RouteInfoAdminView.swift */,
				299770212DA5649E00EEB5F4 /* PointAdminView.swift */,
			);
			path = Admin;
			sourceTree = "<group>";
		};
		299A516A2DA9548A00B24828 /* Public */ = {
			isa = PBXGroup;
			children = (
				291418472DA2B871003D7C72 /* RouteItemView.swift */,
				2914184B2DA2B8E9003D7C72 /* RouteDetailView.swift */,
				291418452DA2B822003D7C72 /* RouteListView.swift */,
			);
			path = Public;
			sourceTree = "<group>";
		};
		29A043422D7DC23300E77C91 /* Route */ = {
			isa = PBXGroup;
			children = (
				29A043432D7DC24700E77C91 /* RouteSummary.swift */,
				29A043492D7DC42C00E77C91 /* Segment.swift */,
				29A043472D7DC36200E77C91 /* Point.swift */,
				29A043452D7DC2AF00E77C91 /* Route.swift */,
				29F403052DAA95DA003527D1 /* EditableRoute.swift */,
				29A0434B2D7DC54900E77C91 /* Location.swift */,
			);
			path = Route;
			sourceTree = "<group>";
		};
		29A0434D2D7DC60600E77C91 /* Share */ = {
			isa = PBXGroup;
			children = (
				29A0434E2D7DC61000E77C91 /* SimpleDate.swift */,
				296795CE2DA4F7AF008D3CE1 /* Span.swift */,
				296795CC2DA4F70D008D3CE1 /* DateAndTime.swift */,
				29A043522D7DC83800E77C91 /* SimpleTime.swift */,
				29A043502D7DC67300E77C91 /* Coordinate.swift */,
			);
			path = Share;
			sourceTree = "<group>";
		};
		29A043542D7DCD4A00E77C91 /* Region */ = {
			isa = PBXGroup;
			children = (
				29A043562D7DCE0900E77C91 /* Region.swift */,
				29B5FD602D808703008838BB /* RegionSummary.swift */,
			);
			path = Region;
			sourceTree = "<group>";
		};
		29CB07722DAF7CF30009A47D /* Public */ = {
			isa = PBXGroup;
			children = (
				291418492DA2B8B8003D7C72 /* DistrictDetailView.swift */,
				29486DD32D8B0CC600C50C0D /* DistrictItemView.swift */,
				298CAF782D9D6ADF00C57C26 /* DistrictListView.swift */,
			);
			path = Public;
			sourceTree = "<group>";
		};
		29CB07732DAF7CFE0009A47D /* Admin */ = {
			isa = PBXGroup;
			children = (
				29CB07742DAF7D150009A47D /* DistrictAdminView.swift */,
				29CB077C2DAF8B940009A47D /* BaseAdminView.swift */,
				29CB07802DAF93350009A47D /* AreaAdminView.swift */,
				292D0B8A2DB0CAD700176E51 /* PerformanceAdminView.swift */,
			);
			path = Admin;
			sourceTree = "<group>";
		};
		29CB07762DAF7E5F0009A47D /* Admin */ = {
			isa = PBXGroup;
			children = (
				2997C2EC2D79CA3E0032566B /* DistrictAdminFeature.swift */,
				29CB07782DAF807F0009A47D /* AreaAdminFeature.swift */,
				29CB077A2DAF865C0009A47D /* BaseAdminFeature.swift */,
				292D0B8C2DB0CB1E00176E51 /* PerformanceAdminFeature.swift */,
			);
			path = Admin;
			sourceTree = "<group>";
		};
		29CB07772DAF7E650009A47D /* Public */ = {
			isa = PBXGroup;
			children = (
				297201812D9CFC2B003424EF /* DistrictDetail.swift */,
				297201832D9CFFBD003424EF /* DistrictSummaries.swift */,
			);
			path = Public;
			sourceTree = "<group>";
		};
		29CF49032D74244500036D28 /* Infrastructure */ = {
			isa = PBXGroup;
			children = (
				29DAB06E2DA16220005E94BA /* AWSCognito */,
				29CF49052D74248B00036D28 /* Remote */,
				29CF49042D74248300036D28 /* UserDefaults */,
			);
			path = Infrastructure;
			sourceTree = "<group>";
		};
		29CF49042D74248300036D28 /* UserDefaults */ = {
			isa = PBXGroup;
			children = (
				299936AA2D7AD492009D651E /* UserDefaultsLiveClient.swift */,
				299936AD2D7AD5B8009D651E /* UserDefaultsMockClient.swift */,
			);
			path = UserDefaults;
			sourceTree = "<group>";
		};
		29CF49052D74248B00036D28 /* Remote */ = {
			isa = PBXGroup;
			children = (
				29CF49092D74262300036D28 /* RemoteLiveClient.swift */,
				29CF490B2D74263400036D28 /* RemoteMockClient.swift */,
			);
			path = Remote;
			sourceTree = "<group>";
		};
		29CF49062D7425D600036D28 /* Utils */ = {
			isa = PBXGroup;
			children = (
				29CF49072D7425F600036D28 /* HTTP.swift */,
				2972017A2D9CFA41003424EF /* async.swift */,
				29CF49182D7440EB00036D28 /* Extension.swift */,
			);
			path = Utils;
			sourceTree = "<group>";
		};
		29CF490D2D74266500036D28 /* Models */ = {
			isa = PBXGroup;
			children = (
				29998EA22DA4128200CBC1DC /* District */,
				29A043542D7DCD4A00E77C91 /* Region */,
				29A0434D2D7DC60600E77C91 /* Share */,
				29A043422D7DC23300E77C91 /* Route */,
			);
			path = Models;
			sourceTree = "<group>";
		};
		29CF490E2D74266F00036D28 /* Repository */ = {
			isa = PBXGroup;
			children = (
				29CF49102D74269A00036D28 /* RemoteClient.swift */,
				29DAB06C2DA16084005E94BA /* AWSCognitoClient.swift */,
				29CF49122D7426A400036D28 /* UserDefaultsClient.swift */,
			);
			path = Repository;
			sourceTree = "<group>";
		};
		29CF49152D74315300036D28 /* Application */ = {
			isa = PBXGroup;
			children = (
				2972017C2D9CFBF2003424EF /* Feature */,
			);
			path = Application;
			sourceTree = "<group>";
		};
		29DAB05F2D9FC546005E94BA /* Interfaces */ = {
			isa = PBXGroup;
			children = (
				29CF490E2D74266F00036D28 /* Repository */,
			);
			path = Interfaces;
			sourceTree = "<group>";
		};
		29DAB0622DA15CE6005E94BA /* Location */ = {
			isa = PBXGroup;
			children = (
				29DAB0632DA15CF0005E94BA /* LocationFeature.swift */,
			);
			path = Location;
			sourceTree = "<group>";
		};
		29DAB0662DA15E8E005E94BA /* Admin */ = {
			isa = PBXGroup;
			children = (
				29DAB0602DA15CCF005E94BA /* RouteMapAdminFeature.swift */,
				299A51632DA944D400B24828 /* RouteInfoAdminFeature.swift */,
				2997C2F02D79D8820032566B /* PointAdminFeature.swift */,
				2997C2F22D79E10B0032566B /* SegmentEditingFeature.swift */,
			);
			path = Admin;
			sourceTree = "<group>";
		};
		29DAB0692DA15EAB005E94BA /* Public */ = {
			isa = PBXGroup;
			children = (
				297201892D9D00FF003424EF /* RouteDetailFeature.swift */,
				2972018A2D9D00FF003424EF /* RouteSummariesFeature.swift */,
			);
			path = Public;
			sourceTree = "<group>";
		};
		29DAB06E2DA16220005E94BA /* AWSCognito */ = {
			isa = PBXGroup;
			children = (
				29DAB06F2DA16235005E94BA /* AWSCognitoLiveClient.swift */,
				29DAB0712DA163DE005E94BA /* AWSCognitoMockClient.swift */,
			);
			path = AWSCognito;
			sourceTree = "<group>";
		};
		D2B77F2FCB1569E5BDDFA692 /* Frameworks */ = {
			isa = PBXGroup;
			children = (
				EF51269A5D5AB06C2B7C01CD /* Pods_FesTracking2.framework */,
				A8F61DA4134BD89A5D2377A2 /* Pods_FesTracking2_FesTracking2UITests.framework */,
				17A70AED86F1CA931E10BF8A /* Pods_FesTracking2Tests.framework */,
			);
			name = Frameworks;
			sourceTree = "<group>";
		};
/* End PBXGroup section */

/* Begin PBXNativeTarget section */
		298BD7992D71E46600CB63F1 /* FesTracking2 */ = {
			isa = PBXNativeTarget;
			buildConfigurationList = 298BD7C02D71E46900CB63F1 /* Build configuration list for PBXNativeTarget "FesTracking2" */;
			buildPhases = (
				676953983233A634BDC26E02 /* [CP] Check Pods Manifest.lock */,
				298BD7962D71E46600CB63F1 /* Sources */,
				298BD7972D71E46600CB63F1 /* Frameworks */,
				298BD7982D71E46600CB63F1 /* Resources */,
				1D04B61A2EE0F032841C4904 /* [CP] Embed Pods Frameworks */,
			);
			buildRules = (
			);
			dependencies = (
			);
			name = FesTracking2;
			packageProductDependencies = (
				29F8A2BD2D9EF079001633B3 /* ComposableArchitecture */,
				29F8A2C02D9EF13E001633B3 /* FirebaseAppDistribution-Beta */,
			);
			productName = FesTracking2;
			productReference = 298BD79A2D71E46600CB63F1 /* FesTracking2.app */;
			productType = "com.apple.product-type.application";
		};
		298BD7AB2D71E46900CB63F1 /* FesTracking2Tests */ = {
			isa = PBXNativeTarget;
			buildConfigurationList = 298BD7C32D71E46900CB63F1 /* Build configuration list for PBXNativeTarget "FesTracking2Tests" */;
			buildPhases = (
				0546FAEAD6C440478EBC9035 /* [CP] Check Pods Manifest.lock */,
				298BD7A82D71E46900CB63F1 /* Sources */,
				298BD7A92D71E46900CB63F1 /* Frameworks */,
				298BD7AA2D71E46900CB63F1 /* Resources */,
			);
			buildRules = (
			);
			dependencies = (
				298BD7AE2D71E46900CB63F1 /* PBXTargetDependency */,
			);
			name = FesTracking2Tests;
			productName = FesTracking2Tests;
			productReference = 298BD7AC2D71E46900CB63F1 /* FesTracking2Tests.xctest */;
			productType = "com.apple.product-type.bundle.unit-test";
		};
		298BD7B52D71E46900CB63F1 /* FesTracking2UITests */ = {
			isa = PBXNativeTarget;
			buildConfigurationList = 298BD7C62D71E46900CB63F1 /* Build configuration list for PBXNativeTarget "FesTracking2UITests" */;
			buildPhases = (
				28CE1DC2E45394D5841A774B /* [CP] Check Pods Manifest.lock */,
				298BD7B22D71E46900CB63F1 /* Sources */,
				298BD7B32D71E46900CB63F1 /* Frameworks */,
				298BD7B42D71E46900CB63F1 /* Resources */,
				BDBAC005F7E4CD9B7E491206 /* [CP] Embed Pods Frameworks */,
			);
			buildRules = (
			);
			dependencies = (
				298BD7B82D71E46900CB63F1 /* PBXTargetDependency */,
			);
			name = FesTracking2UITests;
			productName = FesTracking2UITests;
			productReference = 298BD7B62D71E46900CB63F1 /* FesTracking2UITests.xctest */;
			productType = "com.apple.product-type.bundle.ui-testing";
		};
/* End PBXNativeTarget section */

/* Begin PBXProject section */
		298BD7922D71E46600CB63F1 /* Project object */ = {
			isa = PBXProject;
			attributes = {
				BuildIndependentTargetsInParallel = 1;
				LastSwiftUpdateCheck = 1540;
				LastUpgradeCheck = 1540;
				TargetAttributes = {
					298BD7992D71E46600CB63F1 = {
						CreatedOnToolsVersion = 15.4;
					};
					298BD7AB2D71E46900CB63F1 = {
						CreatedOnToolsVersion = 15.4;
						TestTargetID = 298BD7992D71E46600CB63F1;
					};
					298BD7B52D71E46900CB63F1 = {
						CreatedOnToolsVersion = 15.4;
						TestTargetID = 298BD7992D71E46600CB63F1;
					};
				};
			};
			buildConfigurationList = 298BD7952D71E46600CB63F1 /* Build configuration list for PBXProject "FesTracking2" */;
			compatibilityVersion = "Xcode 14.0";
			developmentRegion = en;
			hasScannedForEncodings = 0;
			knownRegions = (
				en,
				Base,
			);
			mainGroup = 298BD7912D71E46600CB63F1;
			packageReferences = (
				29F8A2BC2D9EF078001633B3 /* XCRemoteSwiftPackageReference "swift-composable-architecture" */,
				29F8A2BF2D9EF13E001633B3 /* XCRemoteSwiftPackageReference "firebase-ios-sdk" */,
			);
			productRefGroup = 298BD79B2D71E46600CB63F1 /* Products */;
			projectDirPath = "";
			projectRoot = "";
			targets = (
				298BD7992D71E46600CB63F1 /* FesTracking2 */,
				298BD7AB2D71E46900CB63F1 /* FesTracking2Tests */,
				298BD7B52D71E46900CB63F1 /* FesTracking2UITests */,
			);
		};
/* End PBXProject section */

/* Begin PBXResourcesBuildPhase section */
		298BD7982D71E46600CB63F1 /* Resources */ = {
			isa = PBXResourcesBuildPhase;
			buildActionMask = 2147483647;
			files = (
				29460A1A2D8C32490097CAA1 /* awsconfiguration.json in Resources */,
				2983AB882D741C19002F6CB5 /* Gemfile.lock in Resources */,
				2983AB862D741C19002F6CB5 /* Gemfile in Resources */,
				2983AB852D741C19002F6CB5 /* README.md in Resources */,
				2983AB872D741C19002F6CB5 /* GoogleService-Info.plist in Resources */,
				298BD7A72D71E46800CB63F1 /* Preview Assets.xcassets in Resources */,
				2983AB892D741C19002F6CB5 /* Podfile in Resources */,
				298BD7A42D71E46800CB63F1 /* Assets.xcassets in Resources */,
			);
			runOnlyForDeploymentPostprocessing = 0;
		};
		298BD7AA2D71E46900CB63F1 /* Resources */ = {
			isa = PBXResourcesBuildPhase;
			buildActionMask = 2147483647;
			files = (
			);
			runOnlyForDeploymentPostprocessing = 0;
		};
		298BD7B42D71E46900CB63F1 /* Resources */ = {
			isa = PBXResourcesBuildPhase;
			buildActionMask = 2147483647;
			files = (
			);
			runOnlyForDeploymentPostprocessing = 0;
		};
/* End PBXResourcesBuildPhase section */

/* Begin PBXShellScriptBuildPhase section */
		0546FAEAD6C440478EBC9035 /* [CP] Check Pods Manifest.lock */ = {
			isa = PBXShellScriptBuildPhase;
			buildActionMask = 2147483647;
			files = (
			);
			inputFileListPaths = (
			);
			inputPaths = (
				"${PODS_PODFILE_DIR_PATH}/Podfile.lock",
				"${PODS_ROOT}/Manifest.lock",
			);
			name = "[CP] Check Pods Manifest.lock";
			outputFileListPaths = (
			);
			outputPaths = (
				"$(DERIVED_FILE_DIR)/Pods-FesTracking2Tests-checkManifestLockResult.txt",
			);
			runOnlyForDeploymentPostprocessing = 0;
			shellPath = /bin/sh;
			shellScript = "diff \"${PODS_PODFILE_DIR_PATH}/Podfile.lock\" \"${PODS_ROOT}/Manifest.lock\" > /dev/null\nif [ $? != 0 ] ; then\n    # print error to STDERR\n    echo \"error: The sandbox is not in sync with the Podfile.lock. Run 'pod install' or update your CocoaPods installation.\" >&2\n    exit 1\nfi\n# This output is used by Xcode 'outputs' to avoid re-running this script phase.\necho \"SUCCESS\" > \"${SCRIPT_OUTPUT_FILE_0}\"\n";
			showEnvVarsInLog = 0;
		};
		1D04B61A2EE0F032841C4904 /* [CP] Embed Pods Frameworks */ = {
			isa = PBXShellScriptBuildPhase;
			buildActionMask = 2147483647;
			files = (
			);
			inputFileListPaths = (
				"${PODS_ROOT}/Target Support Files/Pods-FesTracking2/Pods-FesTracking2-frameworks-${CONFIGURATION}-input-files.xcfilelist",
			);
			inputPaths = (
			);
			name = "[CP] Embed Pods Frameworks";
			outputFileListPaths = (
				"${PODS_ROOT}/Target Support Files/Pods-FesTracking2/Pods-FesTracking2-frameworks-${CONFIGURATION}-output-files.xcfilelist",
			);
			outputPaths = (
			);
			runOnlyForDeploymentPostprocessing = 0;
			shellPath = /bin/sh;
			shellScript = "\"${PODS_ROOT}/Target Support Files/Pods-FesTracking2/Pods-FesTracking2-frameworks.sh\"\n";
			showEnvVarsInLog = 0;
		};
		28CE1DC2E45394D5841A774B /* [CP] Check Pods Manifest.lock */ = {
			isa = PBXShellScriptBuildPhase;
			buildActionMask = 2147483647;
			files = (
			);
			inputFileListPaths = (
			);
			inputPaths = (
				"${PODS_PODFILE_DIR_PATH}/Podfile.lock",
				"${PODS_ROOT}/Manifest.lock",
			);
			name = "[CP] Check Pods Manifest.lock";
			outputFileListPaths = (
			);
			outputPaths = (
				"$(DERIVED_FILE_DIR)/Pods-FesTracking2-FesTracking2UITests-checkManifestLockResult.txt",
			);
			runOnlyForDeploymentPostprocessing = 0;
			shellPath = /bin/sh;
			shellScript = "diff \"${PODS_PODFILE_DIR_PATH}/Podfile.lock\" \"${PODS_ROOT}/Manifest.lock\" > /dev/null\nif [ $? != 0 ] ; then\n    # print error to STDERR\n    echo \"error: The sandbox is not in sync with the Podfile.lock. Run 'pod install' or update your CocoaPods installation.\" >&2\n    exit 1\nfi\n# This output is used by Xcode 'outputs' to avoid re-running this script phase.\necho \"SUCCESS\" > \"${SCRIPT_OUTPUT_FILE_0}\"\n";
			showEnvVarsInLog = 0;
		};
		676953983233A634BDC26E02 /* [CP] Check Pods Manifest.lock */ = {
			isa = PBXShellScriptBuildPhase;
			buildActionMask = 2147483647;
			files = (
			);
			inputFileListPaths = (
			);
			inputPaths = (
				"${PODS_PODFILE_DIR_PATH}/Podfile.lock",
				"${PODS_ROOT}/Manifest.lock",
			);
			name = "[CP] Check Pods Manifest.lock";
			outputFileListPaths = (
			);
			outputPaths = (
				"$(DERIVED_FILE_DIR)/Pods-FesTracking2-checkManifestLockResult.txt",
			);
			runOnlyForDeploymentPostprocessing = 0;
			shellPath = /bin/sh;
			shellScript = "diff \"${PODS_PODFILE_DIR_PATH}/Podfile.lock\" \"${PODS_ROOT}/Manifest.lock\" > /dev/null\nif [ $? != 0 ] ; then\n    # print error to STDERR\n    echo \"error: The sandbox is not in sync with the Podfile.lock. Run 'pod install' or update your CocoaPods installation.\" >&2\n    exit 1\nfi\n# This output is used by Xcode 'outputs' to avoid re-running this script phase.\necho \"SUCCESS\" > \"${SCRIPT_OUTPUT_FILE_0}\"\n";
			showEnvVarsInLog = 0;
		};
		BDBAC005F7E4CD9B7E491206 /* [CP] Embed Pods Frameworks */ = {
			isa = PBXShellScriptBuildPhase;
			buildActionMask = 2147483647;
			files = (
			);
			inputFileListPaths = (
				"${PODS_ROOT}/Target Support Files/Pods-FesTracking2-FesTracking2UITests/Pods-FesTracking2-FesTracking2UITests-frameworks-${CONFIGURATION}-input-files.xcfilelist",
			);
			inputPaths = (
			);
			name = "[CP] Embed Pods Frameworks";
			outputFileListPaths = (
				"${PODS_ROOT}/Target Support Files/Pods-FesTracking2-FesTracking2UITests/Pods-FesTracking2-FesTracking2UITests-frameworks-${CONFIGURATION}-output-files.xcfilelist",
			);
			outputPaths = (
			);
			runOnlyForDeploymentPostprocessing = 0;
			shellPath = /bin/sh;
			shellScript = "\"${PODS_ROOT}/Target Support Files/Pods-FesTracking2-FesTracking2UITests/Pods-FesTracking2-FesTracking2UITests-frameworks.sh\"\n";
			showEnvVarsInLog = 0;
		};
/* End PBXShellScriptBuildPhase section */

/* Begin PBXSourcesBuildPhase section */
		298BD7962D71E46600CB63F1 /* Sources */ = {
			isa = PBXSourcesBuildPhase;
			buildActionMask = 2147483647;
			files = (
				297201872D9D00B2003424EF /* RegionDetail.swift in Sources */,
				298CAF792D9D6ADF00C57C26 /* DistrictListView.swift in Sources */,
				29998EA12DA3EC0600CBC1DC /* RoutePublicPage.swift in Sources */,
				292D0BA82DB0E25300176E51 /* RegionAdminView.swift in Sources */,
				297201882D9D00B2003424EF /* RegionSummaries.swift in Sources */,
				2914184A2DA2B8B8003D7C72 /* DistrictDetailView.swift in Sources */,
				299770202DA527FB00EEB5F4 /* RouteButton.swift in Sources */,
				2972018F2D9D0165003424EF /* DistrictPageFeature.swift in Sources */,
				29A0434A2D7DC43100E77C91 /* Segment.swift in Sources */,
				29F403062DAA95DF003527D1 /* EditableRoute.swift in Sources */,
				296795D42DA4FF01008D3CE1 /* Extensions.swift in Sources */,
				29A043592D7DCFD200E77C91 /* District.swift in Sources */,
				29A043512D7DC67500E77C91 /* Coordinate.swift in Sources */,
				29DAB06D2DA1608E005E94BA /* AWSCognitoClient.swift in Sources */,
				29486DD42D8B0CD000C50C0D /* DistrictItemView.swift in Sources */,
				29CB07812DAF933A0009A47D /* AreaAdminView.swift in Sources */,
				2997C2F12D79D8870032566B /* PointAdminFeature.swift in Sources */,
				292D0B892DB0C94800176E51 /* Performance.swift in Sources */,
				29CB077B2DAF86610009A47D /* BaseAdminFeature.swift in Sources */,
				298BD7A02D71E46600CB63F1 /* ContentView.swift in Sources */,
				297201822D9CFC35003424EF /* DistrictDetail.swift in Sources */,
				2914184C2DA2B8E9003D7C72 /* RouteDetailView.swift in Sources */,
				292D0B8F2DB0D44100176E51 /* EditableListItemView.swift in Sources */,
				2972017B2D9CFA50003424EF /* async.swift in Sources */,
				29A0434F2D7DC61500E77C91 /* SimpleDate.swift in Sources */,
				292D0BA12DB0E0DC00176E51 /* RegionAdminFeature.swift in Sources */,
				29CF49132D7426A400036D28 /* UserDefaultsClient.swift in Sources */,
				297201932D9D077C003424EF /* AuthFeature.swift in Sources */,
				291418462DA2B82B003D7C72 /* RouteListView.swift in Sources */,
				299770222DA564A300EEB5F4 /* PointAdminView.swift in Sources */,
				29DAB0722DA163E4005E94BA /* AWSCognitoMockClient.swift in Sources */,
				29460A0D2D8C29030097CAA1 /* LoginView.swift in Sources */,
				29A043532D7DC83B00E77C91 /* SimpleTime.swift in Sources */,
				29CF49082D7425F600036D28 /* HTTP.swift in Sources */,
				292D0B8D2DB0CB2700176E51 /* PerformanceAdminFeature.swift in Sources */,
				29DAB0702DA1623C005E94BA /* AWSCognitoLiveClient.swift in Sources */,
				2997C2ED2D79CA4B0032566B /* DistrictAdminFeature.swift in Sources */,
				29DAB0642DA15CFC005E94BA /* LocationFeature.swift in Sources */,
				29A0434C2D7DC54B00E77C91 /* Location.swift in Sources */,
				29CB077F2DAF8C510009A47D /* BaseMapView.swift in Sources */,
				298BD79E2D71E46600CB63F1 /* FesTracking2App.swift in Sources */,
				299936AB2D7AD499009D651E /* UserDefaultsLiveClient.swift in Sources */,
				2997C2F32D79E1130032566B /* SegmentEditingFeature.swift in Sources */,
				29A043442D7DC25800E77C91 /* RouteSummary.swift in Sources */,
				29460A0B2D8C28AC0097CAA1 /* LoginFeature.swift in Sources */,
				291418502DA2B981003D7C72 /* RegionDetailView.swift in Sources */,
				29CB077D2DAF8B970009A47D /* BaseAdminView.swift in Sources */,
				291418512DA2B981003D7C72 /* RegionItemView.swift in Sources */,
				291418522DA2B981003D7C72 /* RegionListView.swift in Sources */,
				29CB07792DAF80850009A47D /* AreaAdminFeature.swift in Sources */,
				299A51642DA944DB00B24828 /* RouteInfoAdminFeature.swift in Sources */,
				299936AE2D7AD5BF009D651E /* UserDefaultsMockClient.swift in Sources */,
				29CF49192D7440EB00036D28 /* Extension.swift in Sources */,
				299A51622DA942CF00B24828 /* RouteInfoAdminView.swift in Sources */,
				291418482DA2B871003D7C72 /* RouteItemView.swift in Sources */,
				296795D12DA4F902008D3CE1 /* RouteMapView.swift in Sources */,
				296795CF2DA4F7B1008D3CE1 /* Span.swift in Sources */,
				297201842D9CFFC3003424EF /* DistrictSummaries.swift in Sources */,
				2972018B2D9D00FF003424EF /* RouteDetailFeature.swift in Sources */,
				296795CB2DA4F3D9008D3CE1 /* RouteMapAdminView.swift in Sources */,
				2972018C2D9D00FF003424EF /* RouteSummariesFeature.swift in Sources */,
				29DAB0612DA15CD1005E94BA /* RouteMapAdminFeature.swift in Sources */,
				29CF49112D74269A00036D28 /* RemoteClient.swift in Sources */,
				296795CD2DA4F712008D3CE1 /* DateAndTime.swift in Sources */,
				29CF490C2D74263400036D28 /* RemoteMockClient.swift in Sources */,
				29B5FD612D80870A008838BB /* RegionSummary.swift in Sources */,
				29DAB06B2DA15FAA005E94BA /* RoutePublicPageFeature.swift in Sources */,
				292D0B8B2DB0CADD00176E51 /* PerformanceAdminView.swift in Sources */,
				297201912D9D0693003424EF /* RegionPage.swift in Sources */,
				29B5FD632D80877D008838BB /* DistrictSummary.swift in Sources */,
				29A043572D7DCE0C00E77C91 /* Region.swift in Sources */,
				29CB07752DAF7D1E0009A47D /* DistrictAdminView.swift in Sources */,
				29A043482D7DC36400E77C91 /* Point.swift in Sources */,
				29A043462D7DC2B200E77C91 /* Route.swift in Sources */,
				29CF490A2D74262300036D28 /* RemoteLiveClient.swift in Sources */,
			);
			runOnlyForDeploymentPostprocessing = 0;
		};
		298BD7A82D71E46900CB63F1 /* Sources */ = {
			isa = PBXSourcesBuildPhase;
			buildActionMask = 2147483647;
			files = (
				298BD7B12D71E46900CB63F1 /* FesTracking2Tests.swift in Sources */,
			);
			runOnlyForDeploymentPostprocessing = 0;
		};
		298BD7B22D71E46900CB63F1 /* Sources */ = {
			isa = PBXSourcesBuildPhase;
			buildActionMask = 2147483647;
			files = (
				298BD7BB2D71E46900CB63F1 /* FesTracking2UITests.swift in Sources */,
				298BD7BD2D71E46900CB63F1 /* FesTracking2UITestsLaunchTests.swift in Sources */,
			);
			runOnlyForDeploymentPostprocessing = 0;
		};
/* End PBXSourcesBuildPhase section */

/* Begin PBXTargetDependency section */
		298BD7AE2D71E46900CB63F1 /* PBXTargetDependency */ = {
			isa = PBXTargetDependency;
			target = 298BD7992D71E46600CB63F1 /* FesTracking2 */;
			targetProxy = 298BD7AD2D71E46900CB63F1 /* PBXContainerItemProxy */;
		};
		298BD7B82D71E46900CB63F1 /* PBXTargetDependency */ = {
			isa = PBXTargetDependency;
			target = 298BD7992D71E46600CB63F1 /* FesTracking2 */;
			targetProxy = 298BD7B72D71E46900CB63F1 /* PBXContainerItemProxy */;
		};
/* End PBXTargetDependency section */

/* Begin XCBuildConfiguration section */
		298BD7BE2D71E46900CB63F1 /* Debug */ = {
			isa = XCBuildConfiguration;
			buildSettings = {
				ALWAYS_SEARCH_USER_PATHS = NO;
				ASSETCATALOG_COMPILER_GENERATE_SWIFT_ASSET_SYMBOL_EXTENSIONS = YES;
				CLANG_ANALYZER_NONNULL = YES;
				CLANG_ANALYZER_NUMBER_OBJECT_CONVERSION = YES_AGGRESSIVE;
				CLANG_CXX_LANGUAGE_STANDARD = "gnu++20";
				CLANG_ENABLE_MODULES = YES;
				CLANG_ENABLE_OBJC_ARC = YES;
				CLANG_ENABLE_OBJC_WEAK = YES;
				CLANG_WARN_BLOCK_CAPTURE_AUTORELEASING = YES;
				CLANG_WARN_BOOL_CONVERSION = YES;
				CLANG_WARN_COMMA = YES;
				CLANG_WARN_CONSTANT_CONVERSION = YES;
				CLANG_WARN_DEPRECATED_OBJC_IMPLEMENTATIONS = YES;
				CLANG_WARN_DIRECT_OBJC_ISA_USAGE = YES_ERROR;
				CLANG_WARN_DOCUMENTATION_COMMENTS = YES;
				CLANG_WARN_EMPTY_BODY = YES;
				CLANG_WARN_ENUM_CONVERSION = YES;
				CLANG_WARN_INFINITE_RECURSION = YES;
				CLANG_WARN_INT_CONVERSION = YES;
				CLANG_WARN_NON_LITERAL_NULL_CONVERSION = YES;
				CLANG_WARN_OBJC_IMPLICIT_RETAIN_SELF = YES;
				CLANG_WARN_OBJC_LITERAL_CONVERSION = YES;
				CLANG_WARN_OBJC_ROOT_CLASS = YES_ERROR;
				CLANG_WARN_QUOTED_INCLUDE_IN_FRAMEWORK_HEADER = YES;
				CLANG_WARN_RANGE_LOOP_ANALYSIS = YES;
				CLANG_WARN_STRICT_PROTOTYPES = YES;
				CLANG_WARN_SUSPICIOUS_MOVE = YES;
				CLANG_WARN_UNGUARDED_AVAILABILITY = YES_AGGRESSIVE;
				CLANG_WARN_UNREACHABLE_CODE = YES;
				CLANG_WARN__DUPLICATE_METHOD_MATCH = YES;
				COPY_PHASE_STRIP = NO;
				DEBUG_INFORMATION_FORMAT = dwarf;
				ENABLE_STRICT_OBJC_MSGSEND = YES;
				ENABLE_TESTABILITY = YES;
				ENABLE_USER_SCRIPT_SANDBOXING = NO;
				GCC_C_LANGUAGE_STANDARD = gnu17;
				GCC_DYNAMIC_NO_PIC = NO;
				GCC_NO_COMMON_BLOCKS = YES;
				GCC_OPTIMIZATION_LEVEL = 0;
				GCC_PREPROCESSOR_DEFINITIONS = (
					"DEBUG=1",
					"$(inherited)",
				);
				GCC_WARN_64_TO_32_BIT_CONVERSION = YES;
				GCC_WARN_ABOUT_RETURN_TYPE = YES_ERROR;
				GCC_WARN_UNDECLARED_SELECTOR = YES;
				GCC_WARN_UNINITIALIZED_AUTOS = YES_AGGRESSIVE;
				GCC_WARN_UNUSED_FUNCTION = YES;
				GCC_WARN_UNUSED_VARIABLE = YES;
				IPHONEOS_DEPLOYMENT_TARGET = 17.5;
				LOCALIZATION_PREFERS_STRING_CATALOGS = YES;
				MTL_ENABLE_DEBUG_INFO = INCLUDE_SOURCE;
				MTL_FAST_MATH = YES;
				ONLY_ACTIVE_ARCH = YES;
				SDKROOT = iphoneos;
				SWIFT_ACTIVE_COMPILATION_CONDITIONS = "DEBUG $(inherited)";
				SWIFT_OPTIMIZATION_LEVEL = "-Onone";
				SWIFT_VERSION = "";
				SWIFT_WHOLE_MODULE_OPTIMIZATION = YES;
			};
			name = Debug;
		};
		298BD7BF2D71E46900CB63F1 /* Release */ = {
			isa = XCBuildConfiguration;
			buildSettings = {
				ALWAYS_SEARCH_USER_PATHS = NO;
				ASSETCATALOG_COMPILER_GENERATE_SWIFT_ASSET_SYMBOL_EXTENSIONS = YES;
				CLANG_ANALYZER_NONNULL = YES;
				CLANG_ANALYZER_NUMBER_OBJECT_CONVERSION = YES_AGGRESSIVE;
				CLANG_CXX_LANGUAGE_STANDARD = "gnu++20";
				CLANG_ENABLE_MODULES = YES;
				CLANG_ENABLE_OBJC_ARC = YES;
				CLANG_ENABLE_OBJC_WEAK = YES;
				CLANG_WARN_BLOCK_CAPTURE_AUTORELEASING = YES;
				CLANG_WARN_BOOL_CONVERSION = YES;
				CLANG_WARN_COMMA = YES;
				CLANG_WARN_CONSTANT_CONVERSION = YES;
				CLANG_WARN_DEPRECATED_OBJC_IMPLEMENTATIONS = YES;
				CLANG_WARN_DIRECT_OBJC_ISA_USAGE = YES_ERROR;
				CLANG_WARN_DOCUMENTATION_COMMENTS = YES;
				CLANG_WARN_EMPTY_BODY = YES;
				CLANG_WARN_ENUM_CONVERSION = YES;
				CLANG_WARN_INFINITE_RECURSION = YES;
				CLANG_WARN_INT_CONVERSION = YES;
				CLANG_WARN_NON_LITERAL_NULL_CONVERSION = YES;
				CLANG_WARN_OBJC_IMPLICIT_RETAIN_SELF = YES;
				CLANG_WARN_OBJC_LITERAL_CONVERSION = YES;
				CLANG_WARN_OBJC_ROOT_CLASS = YES_ERROR;
				CLANG_WARN_QUOTED_INCLUDE_IN_FRAMEWORK_HEADER = YES;
				CLANG_WARN_RANGE_LOOP_ANALYSIS = YES;
				CLANG_WARN_STRICT_PROTOTYPES = YES;
				CLANG_WARN_SUSPICIOUS_MOVE = YES;
				CLANG_WARN_UNGUARDED_AVAILABILITY = YES_AGGRESSIVE;
				CLANG_WARN_UNREACHABLE_CODE = YES;
				CLANG_WARN__DUPLICATE_METHOD_MATCH = YES;
				COPY_PHASE_STRIP = NO;
				DEBUG_INFORMATION_FORMAT = "dwarf-with-dsym";
				ENABLE_NS_ASSERTIONS = NO;
				ENABLE_STRICT_OBJC_MSGSEND = YES;
				ENABLE_USER_SCRIPT_SANDBOXING = NO;
				GCC_C_LANGUAGE_STANDARD = gnu17;
				GCC_NO_COMMON_BLOCKS = YES;
				GCC_WARN_64_TO_32_BIT_CONVERSION = YES;
				GCC_WARN_ABOUT_RETURN_TYPE = YES_ERROR;
				GCC_WARN_UNDECLARED_SELECTOR = YES;
				GCC_WARN_UNINITIALIZED_AUTOS = YES_AGGRESSIVE;
				GCC_WARN_UNUSED_FUNCTION = YES;
				GCC_WARN_UNUSED_VARIABLE = YES;
				IPHONEOS_DEPLOYMENT_TARGET = 17.5;
				LOCALIZATION_PREFERS_STRING_CATALOGS = YES;
				MTL_ENABLE_DEBUG_INFO = NO;
				MTL_FAST_MATH = YES;
				SDKROOT = iphoneos;
				SWIFT_COMPILATION_MODE = wholemodule;
				SWIFT_VERSION = "";
				SWIFT_WHOLE_MODULE_OPTIMIZATION = YES;
				VALIDATE_PRODUCT = YES;
			};
			name = Release;
		};
		298BD7C12D71E46900CB63F1 /* Debug */ = {
			isa = XCBuildConfiguration;
			baseConfigurationReference = 2ED28BC68D7C76B5AD0147C2 /* Pods-FesTracking2.debug.xcconfig */;
			buildSettings = {
				ASSETCATALOG_COMPILER_APPICON_NAME = AppIcon;
				ASSETCATALOG_COMPILER_GLOBAL_ACCENT_COLOR_NAME = AccentColor;
				"CODE_SIGN_IDENTITY[sdk=iphoneos*]" = "Apple Distribution: Kazuya Matsushita (SN9A65C32S)";
				CODE_SIGN_STYLE = Manual;
				CURRENT_PROJECT_VERSION = 3;
				DEVELOPMENT_ASSET_PATHS = "\"FesTracking2/Preview Content\"";
				DEVELOPMENT_TEAM = "";
				"DEVELOPMENT_TEAM[sdk=iphoneos*]" = SN9A65C32S;
				ENABLE_PREVIEWS = YES;
				GENERATE_INFOPLIST_FILE = YES;
				INFOPLIST_KEY_CFBundleDisplayName = "MaTool -祭典-";
				INFOPLIST_KEY_UIApplicationSceneManifest_Generation = YES;
				INFOPLIST_KEY_UIApplicationSupportsIndirectInputEvents = YES;
				INFOPLIST_KEY_UILaunchScreen_Generation = YES;
				INFOPLIST_KEY_UISupportedInterfaceOrientations_iPad = "UIInterfaceOrientationPortrait UIInterfaceOrientationPortraitUpsideDown UIInterfaceOrientationLandscapeLeft UIInterfaceOrientationLandscapeRight";
				INFOPLIST_KEY_UISupportedInterfaceOrientations_iPhone = "UIInterfaceOrientationPortrait UIInterfaceOrientationLandscapeLeft UIInterfaceOrientationLandscapeRight";
				LD_RUNPATH_SEARCH_PATHS = (
					"$(inherited)",
					"@executable_path/Frameworks",
				);
				MARKETING_VERSION = 1.0.5;
				PRODUCT_BUNDLE_IDENTIFIER = StudioMK.FesTracking;
				PRODUCT_NAME = "$(TARGET_NAME)";
				PROVISIONING_PROFILE_SPECIFIER = "";
				"PROVISIONING_PROFILE_SPECIFIER[sdk=iphoneos*]" = FesTracking;
				SWIFT_EMIT_LOC_STRINGS = YES;
				SWIFT_VERSION = 5.0;
				TARGETED_DEVICE_FAMILY = "1,2";
			};
			name = Debug;
		};
		298BD7C22D71E46900CB63F1 /* Release */ = {
			isa = XCBuildConfiguration;
			baseConfigurationReference = C2452BC5E866C14D5C7C3887 /* Pods-FesTracking2.release.xcconfig */;
			buildSettings = {
				ASSETCATALOG_COMPILER_APPICON_NAME = AppIcon;
				ASSETCATALOG_COMPILER_GLOBAL_ACCENT_COLOR_NAME = AccentColor;
				"CODE_SIGN_IDENTITY[sdk=iphoneos*]" = "Apple Distribution: Kazuya Matsushita (SN9A65C32S)";
				CODE_SIGN_STYLE = Manual;
				CURRENT_PROJECT_VERSION = 3;
				DEVELOPMENT_ASSET_PATHS = "\"FesTracking2/Preview Content\"";
				DEVELOPMENT_TEAM = "";
				"DEVELOPMENT_TEAM[sdk=iphoneos*]" = SN9A65C32S;
				ENABLE_PREVIEWS = YES;
				GENERATE_INFOPLIST_FILE = YES;
				INFOPLIST_KEY_CFBundleDisplayName = "MaTool -祭典-";
				INFOPLIST_KEY_UIApplicationSceneManifest_Generation = YES;
				INFOPLIST_KEY_UIApplicationSupportsIndirectInputEvents = YES;
				INFOPLIST_KEY_UILaunchScreen_Generation = YES;
				INFOPLIST_KEY_UISupportedInterfaceOrientations_iPad = "UIInterfaceOrientationPortrait UIInterfaceOrientationPortraitUpsideDown UIInterfaceOrientationLandscapeLeft UIInterfaceOrientationLandscapeRight";
				INFOPLIST_KEY_UISupportedInterfaceOrientations_iPhone = "UIInterfaceOrientationPortrait UIInterfaceOrientationLandscapeLeft UIInterfaceOrientationLandscapeRight";
				LD_RUNPATH_SEARCH_PATHS = (
					"$(inherited)",
					"@executable_path/Frameworks",
				);
				MARKETING_VERSION = 1.0.5;
				PRODUCT_BUNDLE_IDENTIFIER = StudioMK.FesTracking;
				PRODUCT_NAME = "$(TARGET_NAME)";
				PROVISIONING_PROFILE_SPECIFIER = "";
				"PROVISIONING_PROFILE_SPECIFIER[sdk=iphoneos*]" = FesTracking;
				SWIFT_EMIT_LOC_STRINGS = YES;
				SWIFT_VERSION = 5.0;
				TARGETED_DEVICE_FAMILY = "1,2";
			};
			name = Release;
		};
		298BD7C42D71E46900CB63F1 /* Debug */ = {
			isa = XCBuildConfiguration;
			baseConfigurationReference = BD6BB794D49DA18CACED2CCF /* Pods-FesTracking2Tests.debug.xcconfig */;
			buildSettings = {
				ALWAYS_EMBED_SWIFT_STANDARD_LIBRARIES = YES;
				BUNDLE_LOADER = "$(TEST_HOST)";
				CODE_SIGN_STYLE = Automatic;
				CURRENT_PROJECT_VERSION = 1;
				DEVELOPMENT_TEAM = SN9A65C32S;
				GENERATE_INFOPLIST_FILE = YES;
				IPHONEOS_DEPLOYMENT_TARGET = 17.5;
				MARKETING_VERSION = 1.0;
				PRODUCT_BUNDLE_IDENTIFIER = StudioMK.FesTracking2Tests;
				PRODUCT_NAME = "$(TARGET_NAME)";
				SWIFT_EMIT_LOC_STRINGS = NO;
				SWIFT_VERSION = 5.0;
				TARGETED_DEVICE_FAMILY = "1,2";
				TEST_HOST = "$(BUILT_PRODUCTS_DIR)/FesTracking2.app/$(BUNDLE_EXECUTABLE_FOLDER_PATH)/FesTracking2";
			};
			name = Debug;
		};
		298BD7C52D71E46900CB63F1 /* Release */ = {
			isa = XCBuildConfiguration;
			baseConfigurationReference = 269836BF39E1F2EAD3C8133A /* Pods-FesTracking2Tests.release.xcconfig */;
			buildSettings = {
				ALWAYS_EMBED_SWIFT_STANDARD_LIBRARIES = YES;
				BUNDLE_LOADER = "$(TEST_HOST)";
				CODE_SIGN_STYLE = Automatic;
				CURRENT_PROJECT_VERSION = 1;
				DEVELOPMENT_TEAM = SN9A65C32S;
				GENERATE_INFOPLIST_FILE = YES;
				IPHONEOS_DEPLOYMENT_TARGET = 17.5;
				MARKETING_VERSION = 1.0;
				PRODUCT_BUNDLE_IDENTIFIER = StudioMK.FesTracking2Tests;
				PRODUCT_NAME = "$(TARGET_NAME)";
				SWIFT_EMIT_LOC_STRINGS = NO;
				SWIFT_VERSION = 5.0;
				TARGETED_DEVICE_FAMILY = "1,2";
				TEST_HOST = "$(BUILT_PRODUCTS_DIR)/FesTracking2.app/$(BUNDLE_EXECUTABLE_FOLDER_PATH)/FesTracking2";
			};
			name = Release;
		};
		298BD7C72D71E46900CB63F1 /* Debug */ = {
			isa = XCBuildConfiguration;
			baseConfigurationReference = 853A27735A6145CF5C6B1C0B /* Pods-FesTracking2-FesTracking2UITests.debug.xcconfig */;
			buildSettings = {
				ALWAYS_EMBED_SWIFT_STANDARD_LIBRARIES = YES;
				CODE_SIGN_STYLE = Automatic;
				CURRENT_PROJECT_VERSION = 1;
				DEVELOPMENT_TEAM = SN9A65C32S;
				GENERATE_INFOPLIST_FILE = YES;
				MARKETING_VERSION = 1.0;
				PRODUCT_BUNDLE_IDENTIFIER = StudioMK.FesTracking2UITests;
				PRODUCT_NAME = "$(TARGET_NAME)";
				SWIFT_EMIT_LOC_STRINGS = NO;
				SWIFT_VERSION = 5.0;
				TARGETED_DEVICE_FAMILY = "1,2";
				TEST_TARGET_NAME = FesTracking2;
			};
			name = Debug;
		};
		298BD7C82D71E46900CB63F1 /* Release */ = {
			isa = XCBuildConfiguration;
			baseConfigurationReference = 231FDE1DF1A39C005D053084 /* Pods-FesTracking2-FesTracking2UITests.release.xcconfig */;
			buildSettings = {
				ALWAYS_EMBED_SWIFT_STANDARD_LIBRARIES = YES;
				CODE_SIGN_STYLE = Automatic;
				CURRENT_PROJECT_VERSION = 1;
				DEVELOPMENT_TEAM = SN9A65C32S;
				GENERATE_INFOPLIST_FILE = YES;
				MARKETING_VERSION = 1.0;
				PRODUCT_BUNDLE_IDENTIFIER = StudioMK.FesTracking2UITests;
				PRODUCT_NAME = "$(TARGET_NAME)";
				SWIFT_EMIT_LOC_STRINGS = NO;
				SWIFT_VERSION = 5.0;
				TARGETED_DEVICE_FAMILY = "1,2";
				TEST_TARGET_NAME = FesTracking2;
			};
			name = Release;
		};
/* End XCBuildConfiguration section */

/* Begin XCConfigurationList section */
		298BD7952D71E46600CB63F1 /* Build configuration list for PBXProject "FesTracking2" */ = {
			isa = XCConfigurationList;
			buildConfigurations = (
				298BD7BE2D71E46900CB63F1 /* Debug */,
				298BD7BF2D71E46900CB63F1 /* Release */,
			);
			defaultConfigurationIsVisible = 0;
			defaultConfigurationName = Release;
		};
		298BD7C02D71E46900CB63F1 /* Build configuration list for PBXNativeTarget "FesTracking2" */ = {
			isa = XCConfigurationList;
			buildConfigurations = (
				298BD7C12D71E46900CB63F1 /* Debug */,
				298BD7C22D71E46900CB63F1 /* Release */,
			);
			defaultConfigurationIsVisible = 0;
			defaultConfigurationName = Release;
		};
		298BD7C32D71E46900CB63F1 /* Build configuration list for PBXNativeTarget "FesTracking2Tests" */ = {
			isa = XCConfigurationList;
			buildConfigurations = (
				298BD7C42D71E46900CB63F1 /* Debug */,
				298BD7C52D71E46900CB63F1 /* Release */,
			);
			defaultConfigurationIsVisible = 0;
			defaultConfigurationName = Release;
		};
		298BD7C62D71E46900CB63F1 /* Build configuration list for PBXNativeTarget "FesTracking2UITests" */ = {
			isa = XCConfigurationList;
			buildConfigurations = (
				298BD7C72D71E46900CB63F1 /* Debug */,
				298BD7C82D71E46900CB63F1 /* Release */,
			);
			defaultConfigurationIsVisible = 0;
			defaultConfigurationName = Release;
		};
/* End XCConfigurationList section */

/* Begin XCRemoteSwiftPackageReference section */
		29F8A2BC2D9EF078001633B3 /* XCRemoteSwiftPackageReference "swift-composable-architecture" */ = {
			isa = XCRemoteSwiftPackageReference;
			repositoryURL = "https://github.com/pointfreeco/swift-composable-architecture";
			requirement = {
				kind = upToNextMajorVersion;
				minimumVersion = 1.19.0;
			};
		};
		29F8A2BF2D9EF13E001633B3 /* XCRemoteSwiftPackageReference "firebase-ios-sdk" */ = {
			isa = XCRemoteSwiftPackageReference;
			repositoryURL = "https://github.com/firebase/firebase-ios-sdk";
			requirement = {
				kind = upToNextMajorVersion;
				minimumVersion = 11.11.0;
			};
		};
/* End XCRemoteSwiftPackageReference section */

/* Begin XCSwiftPackageProductDependency section */
		29F8A2BD2D9EF079001633B3 /* ComposableArchitecture */ = {
			isa = XCSwiftPackageProductDependency;
			package = 29F8A2BC2D9EF078001633B3 /* XCRemoteSwiftPackageReference "swift-composable-architecture" */;
			productName = ComposableArchitecture;
		};
		29F8A2C02D9EF13E001633B3 /* FirebaseAppDistribution-Beta */ = {
			isa = XCSwiftPackageProductDependency;
			package = 29F8A2BF2D9EF13E001633B3 /* XCRemoteSwiftPackageReference "firebase-ios-sdk" */;
			productName = "FirebaseAppDistribution-Beta";
		};
/* End XCSwiftPackageProductDependency section */
	};
	rootObject = 298BD7922D71E46600CB63F1 /* Project object */;
}
